
Microsoft Visual Studio Solution File, Format Version 12.00
# Visual Studio Version 17
VisualStudioVersion = 17.4.33110.190
MinimumVisualStudioVersion = 10.0.40219.1
Project("{FAE04EC0-301F-11D3-BF4B-00C04F79EFBC}") = "P-th Bit", "P-th Bit\P-th Bit.csproj", "{241E4109-FEAE-4D86-82F0-6C70BC5AA735}"
EndProject
Global
	GlobalSection(SolutionConfigurationPlatforms) = preSolution
		Debug|Any CPU = Debug|Any CPU
		Release|Any CPU = Release|Any CPU
	EndGlobalSection
	GlobalSection(ProjectConfigurationPlatforms) = postSolution
		{241E4109-FEAE-4D86-82F0-6C70BC5AA735}.Debug|Any CPU.ActiveCfg = Debug|Any CPU
		{241E4109-FEAE-4D86-82F0-6C70BC5AA735}.Debug|Any CPU.Build.0 = Debug|Any CPU
		{241E4109-FEAE-4D86-82F0-6C70BC5AA735}.Release|Any CPU.ActiveCfg = Release|Any CPU
		{241E4109-FEAE-4D86-82F0-6C70BC5AA735}.Release|Any CPU.Build.0 = Release|Any CPU
	EndGlobalSection
	GlobalSection(SolutionProperties) = preSolution
		HideSolutionNode = FALSE
	EndGlobalSection
	GlobalSection(ExtensibilityGlobals) = postSolution
		SolutionGuid = {E2139939-500D-4EEA-9483-77B1F394A7A8}
	EndGlobalSection
EndGlobal
