
Microsoft Visual Studio Solution File, Format Version 12.00
# Visual Studio Version 17
VisualStudioVersion = 17.2.32505.173
MinimumVisualStudioVersion = 10.0.40219.1
Project("{FAE04EC0-301F-11D3-BF4B-00C04F79EFBC}") = "Numbers from 1 to 10", "Numbers from 1 to 10\Numbers from 1 to 10.csproj", "{1FFDB3B2-EF41-4455-BE2B-A76EA805E712}"
EndProject
Global
	GlobalSection(SolutionConfigurationPlatforms) = preSolution
		Debug|Any CPU = Debug|Any CPU
		Release|Any CPU = Release|Any CPU
	EndGlobalSection
	GlobalSection(ProjectConfigurationPlatforms) = postSolution
		{1FFDB3B2-EF41-4455-BE2B-A76EA805E712}.Debug|Any CPU.ActiveCfg = Debug|Any CPU
		{1FFDB3B2-EF41-4455-BE2B-A76EA805E712}.Debug|Any CPU.Build.0 = Debug|Any CPU
		{1FFDB3B2-EF41-4455-BE2B-A76EA805E712}.Release|Any CPU.ActiveCfg = Release|Any CPU
		{1FFDB3B2-EF41-4455-BE2B-A76EA805E712}.Release|Any CPU.Build.0 = Release|Any CPU
	EndGlobalSection
	GlobalSection(SolutionProperties) = preSolution
		HideSolutionNode = FALSE
	EndGlobalSection
	GlobalSection(ExtensibilityGlobals) = postSolution
		SolutionGuid = {F18F40CC-36F4-4808-85F5-21D784C179DC}
	EndGlobalSection
EndGlobal
