
Microsoft Visual Studio Solution File, Format Version 12.00
# Visual Studio Version 17
VisualStudioVersion = 17.2.32505.173
MinimumVisualStudioVersion = 10.0.40219.1
Project("{FAE04EC0-301F-11D3-BF4B-00C04F79EFBC}") = "Common Elements", "Common Elements\Common Elements.csproj", "{2783F20E-6FB2-4D1C-A4A0-27CB96AD9848}"
EndProject
Global
	GlobalSection(SolutionConfigurationPlatforms) = preSolution
		Debug|Any CPU = Debug|Any CPU
		Release|Any CPU = Release|Any CPU
	EndGlobalSection
	GlobalSection(ProjectConfigurationPlatforms) = postSolution
		{2783F20E-6FB2-4D1C-A4A0-27CB96AD9848}.Debug|Any CPU.ActiveCfg = Debug|Any CPU
		{2783F20E-6FB2-4D1C-A4A0-27CB96AD9848}.Debug|Any CPU.Build.0 = Debug|Any CPU
		{2783F20E-6FB2-4D1C-A4A0-27CB96AD9848}.Release|Any CPU.ActiveCfg = Release|Any CPU
		{2783F20E-6FB2-4D1C-A4A0-27CB96AD9848}.Release|Any CPU.Build.0 = Release|Any CPU
	EndGlobalSection
	GlobalSection(SolutionProperties) = preSolution
		HideSolutionNode = FALSE
	EndGlobalSection
	GlobalSection(ExtensibilityGlobals) = postSolution
		SolutionGuid = {4095E7F4-416B-4152-839D-E25596357F2C}
	EndGlobalSection
EndGlobal
