
Microsoft Visual Studio Solution File, Format Version 12.00
# Visual Studio Version 17
VisualStudioVersion = 17.4.33110.190
MinimumVisualStudioVersion = 10.0.40219.1
Project("{FAE04EC0-301F-11D3-BF4B-00C04F79EFBC}") = "Sum Matrix Columns", "Sum Matrix Columns\Sum Matrix Columns.csproj", "{87C7D042-48D8-4E06-BD47-5CD3D6BAB444}"
EndProject
Global
	GlobalSection(SolutionConfigurationPlatforms) = preSolution
		Debug|Any CPU = Debug|Any CPU
		Release|Any CPU = Release|Any CPU
	EndGlobalSection
	GlobalSection(ProjectConfigurationPlatforms) = postSolution
		{87C7D042-48D8-4E06-BD47-5CD3D6BAB444}.Debug|Any CPU.ActiveCfg = Debug|Any CPU
		{87C7D042-48D8-4E06-BD47-5CD3D6BAB444}.Debug|Any CPU.Build.0 = Debug|Any CPU
		{87C7D042-48D8-4E06-BD47-5CD3D6BAB444}.Release|Any CPU.ActiveCfg = Release|Any CPU
		{87C7D042-48D8-4E06-BD47-5CD3D6BAB444}.Release|Any CPU.Build.0 = Release|Any CPU
	EndGlobalSection
	GlobalSection(SolutionProperties) = preSolution
		HideSolutionNode = FALSE
	EndGlobalSection
	GlobalSection(ExtensibilityGlobals) = postSolution
		SolutionGuid = {5648D49C-4678-4EA4-A93D-80A9E83A3B3C}
	EndGlobalSection
EndGlobal
