
Microsoft Visual Studio Solution File, Format Version 12.00
# Visual Studio Version 17
VisualStudioVersion = 17.1.32414.318
MinimumVisualStudioVersion = 10.0.40219.1
Project("{FAE04EC0-301F-11D3-BF4B-00C04F79EFBC}") = "Small Shop", "Small Shop\Small Shop.csproj", "{08FCD340-4FFE-4466-903E-DBBC4DF2EA86}"
EndProject
Global
	GlobalSection(SolutionConfigurationPlatforms) = preSolution
		Debug|Any CPU = Debug|Any CPU
		Release|Any CPU = Release|Any CPU
	EndGlobalSection
	GlobalSection(ProjectConfigurationPlatforms) = postSolution
		{08FCD340-4FFE-4466-903E-DBBC4DF2EA86}.Debug|Any CPU.ActiveCfg = Debug|Any CPU
		{08FCD340-4FFE-4466-903E-DBBC4DF2EA86}.Debug|Any CPU.Build.0 = Debug|Any CPU
		{08FCD340-4FFE-4466-903E-DBBC4DF2EA86}.Release|Any CPU.ActiveCfg = Release|Any CPU
		{08FCD340-4FFE-4466-903E-DBBC4DF2EA86}.Release|Any CPU.Build.0 = Release|Any CPU
	EndGlobalSection
	GlobalSection(SolutionProperties) = preSolution
		HideSolutionNode = FALSE
	EndGlobalSection
	GlobalSection(ExtensibilityGlobals) = postSolution
		SolutionGuid = {CDF2754F-DB42-4B06-8497-2884967A193A}
	EndGlobalSection
EndGlobal
