
Microsoft Visual Studio Solution File, Format Version 12.00
# Visual Studio Version 17
VisualStudioVersion = 17.4.33110.190
MinimumVisualStudioVersion = 10.0.40219.1
Project("{FAE04EC0-301F-11D3-BF4B-00C04F79EFBC}") = "SoftUni Exam Results", "SoftUni Exam Results\SoftUni Exam Results.csproj", "{A09854EF-9643-4547-9772-F26A9C5637C6}"
EndProject
Global
	GlobalSection(SolutionConfigurationPlatforms) = preSolution
		Debug|Any CPU = Debug|Any CPU
		Release|Any CPU = Release|Any CPU
	EndGlobalSection
	GlobalSection(ProjectConfigurationPlatforms) = postSolution
		{A09854EF-9643-4547-9772-F26A9C5637C6}.Debug|Any CPU.ActiveCfg = Debug|Any CPU
		{A09854EF-9643-4547-9772-F26A9C5637C6}.Debug|Any CPU.Build.0 = Debug|Any CPU
		{A09854EF-9643-4547-9772-F26A9C5637C6}.Release|Any CPU.ActiveCfg = Release|Any CPU
		{A09854EF-9643-4547-9772-F26A9C5637C6}.Release|Any CPU.Build.0 = Release|Any CPU
	EndGlobalSection
	GlobalSection(SolutionProperties) = preSolution
		HideSolutionNode = FALSE
	EndGlobalSection
	GlobalSection(ExtensibilityGlobals) = postSolution
		SolutionGuid = {A6B1EB33-60E4-4C68-B081-8D53451F7A11}
	EndGlobalSection
EndGlobal
