
Microsoft Visual Studio Solution File, Format Version 12.00
# Visual Studio Version 17
VisualStudioVersion = 17.1.32328.378
MinimumVisualStudioVersion = 10.0.40219.1
Project("{FAE04EC0-301F-11D3-BF4B-00C04F79EFBC}") = "Hello SoftUni", "Hello SoftUni\Hello SoftUni.csproj", "{283494E3-BC2F-4CFC-9DE2-A66118FA07D3}"
EndProject
Global
	GlobalSection(SolutionConfigurationPlatforms) = preSolution
		Debug|Any CPU = Debug|Any CPU
		Release|Any CPU = Release|Any CPU
	EndGlobalSection
	GlobalSection(ProjectConfigurationPlatforms) = postSolution
		{283494E3-BC2F-4CFC-9DE2-A66118FA07D3}.Debug|Any CPU.ActiveCfg = Debug|Any CPU
		{283494E3-BC2F-4CFC-9DE2-A66118FA07D3}.Debug|Any CPU.Build.0 = Debug|Any CPU
		{283494E3-BC2F-4CFC-9DE2-A66118FA07D3}.Release|Any CPU.ActiveCfg = Release|Any CPU
		{283494E3-BC2F-4CFC-9DE2-A66118FA07D3}.Release|Any CPU.Build.0 = Release|Any CPU
	EndGlobalSection
	GlobalSection(SolutionProperties) = preSolution
		HideSolutionNode = FALSE
	EndGlobalSection
	GlobalSection(ExtensibilityGlobals) = postSolution
		SolutionGuid = {01835AC3-7551-4316-904D-F18286DA30A6}
	EndGlobalSection
EndGlobal
