
Microsoft Visual Studio Solution File, Format Version 12.00
# Visual Studio Version 17
VisualStudioVersion = 17.8.34511.84
MinimumVisualStudioVersion = 10.0.40219.1
Project("{FAE04EC0-301F-11D3-BF4B-00C04F79EFBC}") = "ASP.NET Core Intro", "ASP.NET Core Intro\ASP.NET Core Intro.csproj", "{F231363F-4D64-447D-948F-B08D9CFE0E4D}"
EndProject
Global
	GlobalSection(SolutionConfigurationPlatforms) = preSolution
		Debug|Any CPU = Debug|Any CPU
		Release|Any CPU = Release|Any CPU
	EndGlobalSection
	GlobalSection(ProjectConfigurationPlatforms) = postSolution
		{F231363F-4D64-447D-948F-B08D9CFE0E4D}.Debug|Any CPU.ActiveCfg = Debug|Any CPU
		{F231363F-4D64-447D-948F-B08D9CFE0E4D}.Debug|Any CPU.Build.0 = Debug|Any CPU
		{F231363F-4D64-447D-948F-B08D9CFE0E4D}.Release|Any CPU.ActiveCfg = Release|Any CPU
		{F231363F-4D64-447D-948F-B08D9CFE0E4D}.Release|Any CPU.Build.0 = Release|Any CPU
	EndGlobalSection
	GlobalSection(SolutionProperties) = preSolution
		HideSolutionNode = FALSE
	EndGlobalSection
	GlobalSection(ExtensibilityGlobals) = postSolution
		SolutionGuid = {51729CDD-519D-4EDE-BABE-C6E2A6FD0AAB}
	EndGlobalSection
EndGlobal
