
Microsoft Visual Studio Solution File, Format Version 12.00
# Visual Studio Version 17
VisualStudioVersion = 17.4.33110.190
MinimumVisualStudioVersion = 10.0.40219.1
Project("{FAE04EC0-301F-11D3-BF4B-00C04F79EFBC}") = "Applied Arithmetics", "Applied Arithmetics\Applied Arithmetics.csproj", "{EEF5553E-D434-4132-9279-1CC97405CE11}"
EndProject
Global
	GlobalSection(SolutionConfigurationPlatforms) = preSolution
		Debug|Any CPU = Debug|Any CPU
		Release|Any CPU = Release|Any CPU
	EndGlobalSection
	GlobalSection(ProjectConfigurationPlatforms) = postSolution
		{EEF5553E-D434-4132-9279-1CC97405CE11}.Debug|Any CPU.ActiveCfg = Debug|Any CPU
		{EEF5553E-D434-4132-9279-1CC97405CE11}.Debug|Any CPU.Build.0 = Debug|Any CPU
		{EEF5553E-D434-4132-9279-1CC97405CE11}.Release|Any CPU.ActiveCfg = Release|Any CPU
		{EEF5553E-D434-4132-9279-1CC97405CE11}.Release|Any CPU.Build.0 = Release|Any CPU
	EndGlobalSection
	GlobalSection(SolutionProperties) = preSolution
		HideSolutionNode = FALSE
	EndGlobalSection
	GlobalSection(ExtensibilityGlobals) = postSolution
		SolutionGuid = {A6E66AB8-0FA9-4173-B722-063DC75BE89B}
	EndGlobalSection
EndGlobal
