
Microsoft Visual Studio Solution File, Format Version 12.00
# Visual Studio Version 17
VisualStudioVersion = 17.4.33110.190
MinimumVisualStudioVersion = 10.0.40219.1
Project("{FAE04EC0-301F-11D3-BF4B-00C04F79EFBC}") = "GenericBoxOfString", "GenericBoxOfString\GenericBoxOfString.csproj", "{65A3F4E8-74F3-462F-A6BF-46D7F76AB88E}"
EndProject
Global
	GlobalSection(SolutionConfigurationPlatforms) = preSolution
		Debug|Any CPU = Debug|Any CPU
		Release|Any CPU = Release|Any CPU
	EndGlobalSection
	GlobalSection(ProjectConfigurationPlatforms) = postSolution
		{65A3F4E8-74F3-462F-A6BF-46D7F76AB88E}.Debug|Any CPU.ActiveCfg = Debug|Any CPU
		{65A3F4E8-74F3-462F-A6BF-46D7F76AB88E}.Debug|Any CPU.Build.0 = Debug|Any CPU
		{65A3F4E8-74F3-462F-A6BF-46D7F76AB88E}.Release|Any CPU.ActiveCfg = Release|Any CPU
		{65A3F4E8-74F3-462F-A6BF-46D7F76AB88E}.Release|Any CPU.Build.0 = Release|Any CPU
	EndGlobalSection
	GlobalSection(SolutionProperties) = preSolution
		HideSolutionNode = FALSE
	EndGlobalSection
	GlobalSection(ExtensibilityGlobals) = postSolution
		SolutionGuid = {2BC1A64F-7716-4CC1-A901-5A8E209E1B69}
	EndGlobalSection
EndGlobal
