
Microsoft Visual Studio Solution File, Format Version 12.00
# Visual Studio Version 17
VisualStudioVersion = 17.6.33723.286
MinimumVisualStudioVersion = 10.0.40219.1
Project("{FAE04EC0-301F-11D3-BF4B-00C04F79EFBC}") = "Villain Names", "Villain Names\Villain Names.csproj", "{F4BA3432-12A2-40BD-825C-08D0C5AA98B2}"
EndProject
Global
	GlobalSection(SolutionConfigurationPlatforms) = preSolution
		Debug|Any CPU = Debug|Any CPU
		Release|Any CPU = Release|Any CPU
	EndGlobalSection
	GlobalSection(ProjectConfigurationPlatforms) = postSolution
		{F4BA3432-12A2-40BD-825C-08D0C5AA98B2}.Debug|Any CPU.ActiveCfg = Debug|Any CPU
		{F4BA3432-12A2-40BD-825C-08D0C5AA98B2}.Debug|Any CPU.Build.0 = Debug|Any CPU
		{F4BA3432-12A2-40BD-825C-08D0C5AA98B2}.Release|Any CPU.ActiveCfg = Release|Any CPU
		{F4BA3432-12A2-40BD-825C-08D0C5AA98B2}.Release|Any CPU.Build.0 = Release|Any CPU
	EndGlobalSection
	GlobalSection(SolutionProperties) = preSolution
		HideSolutionNode = FALSE
	EndGlobalSection
	GlobalSection(ExtensibilityGlobals) = postSolution
		SolutionGuid = {FCAD838F-61DA-4F8E-83E2-977F08AD3FC2}
	EndGlobalSection
EndGlobal
