
Microsoft Visual Studio Solution File, Format Version 12.00
# Visual Studio Version 17
VisualStudioVersion = 17.2.32505.173
MinimumVisualStudioVersion = 10.0.40219.1
Project("{FAE04EC0-301F-11D3-BF4B-00C04F79EFBC}") = "Engl Last Digit", "Engl Last Digit\Engl Last Digit.csproj", "{B3BC6980-C7A2-457F-B450-F0A1BE83E48A}"
EndProject
Global
	GlobalSection(SolutionConfigurationPlatforms) = preSolution
		Debug|Any CPU = Debug|Any CPU
		Release|Any CPU = Release|Any CPU
	EndGlobalSection
	GlobalSection(ProjectConfigurationPlatforms) = postSolution
		{B3BC6980-C7A2-457F-B450-F0A1BE83E48A}.Debug|Any CPU.ActiveCfg = Debug|Any CPU
		{B3BC6980-C7A2-457F-B450-F0A1BE83E48A}.Debug|Any CPU.Build.0 = Debug|Any CPU
		{B3BC6980-C7A2-457F-B450-F0A1BE83E48A}.Release|Any CPU.ActiveCfg = Release|Any CPU
		{B3BC6980-C7A2-457F-B450-F0A1BE83E48A}.Release|Any CPU.Build.0 = Release|Any CPU
	EndGlobalSection
	GlobalSection(SolutionProperties) = preSolution
		HideSolutionNode = FALSE
	EndGlobalSection
	GlobalSection(ExtensibilityGlobals) = postSolution
		SolutionGuid = {2A5C1977-586D-4C9C-A6D8-ADD5EB40BC42}
	EndGlobalSection
EndGlobal
