
Microsoft Visual Studio Solution File, Format Version 12.00
# Visual Studio Version 17
VisualStudioVersion = 17.2.32505.173
MinimumVisualStudioVersion = 10.0.40219.1
Project("{FAE04EC0-301F-11D3-BF4B-00C04F79EFBC}") = "From Left to the Right", "From Left to the Right\From Left to the Right.csproj", "{60620B2F-DD15-46A5-B94A-FBFFAD71538C}"
EndProject
Global
	GlobalSection(SolutionConfigurationPlatforms) = preSolution
		Debug|Any CPU = Debug|Any CPU
		Release|Any CPU = Release|Any CPU
	EndGlobalSection
	GlobalSection(ProjectConfigurationPlatforms) = postSolution
		{60620B2F-DD15-46A5-B94A-FBFFAD71538C}.Debug|Any CPU.ActiveCfg = Debug|Any CPU
		{60620B2F-DD15-46A5-B94A-FBFFAD71538C}.Debug|Any CPU.Build.0 = Debug|Any CPU
		{60620B2F-DD15-46A5-B94A-FBFFAD71538C}.Release|Any CPU.ActiveCfg = Release|Any CPU
		{60620B2F-DD15-46A5-B94A-FBFFAD71538C}.Release|Any CPU.Build.0 = Release|Any CPU
	EndGlobalSection
	GlobalSection(SolutionProperties) = preSolution
		HideSolutionNode = FALSE
	EndGlobalSection
	GlobalSection(ExtensibilityGlobals) = postSolution
		SolutionGuid = {F2F29A85-33B6-4543-A66B-54D935ECE971}
	EndGlobalSection
EndGlobal
