
Microsoft Visual Studio Solution File, Format Version 12.00
# Visual Studio Version 17
VisualStudioVersion = 17.1.32414.318
MinimumVisualStudioVersion = 10.0.40219.1
Project("{FAE04EC0-301F-11D3-BF4B-00C04F79EFBC}") = "Godzilla vs. Kong", "Godzilla vs. Kong\Godzilla vs. Kong.csproj", "{52C1C382-3F1C-4AB0-8E1E-FBA837C161A3}"
EndProject
Global
	GlobalSection(SolutionConfigurationPlatforms) = preSolution
		Debug|Any CPU = Debug|Any CPU
		Release|Any CPU = Release|Any CPU
	EndGlobalSection
	GlobalSection(ProjectConfigurationPlatforms) = postSolution
		{52C1C382-3F1C-4AB0-8E1E-FBA837C161A3}.Debug|Any CPU.ActiveCfg = Debug|Any CPU
		{52C1C382-3F1C-4AB0-8E1E-FBA837C161A3}.Debug|Any CPU.Build.0 = Debug|Any CPU
		{52C1C382-3F1C-4AB0-8E1E-FBA837C161A3}.Release|Any CPU.ActiveCfg = Release|Any CPU
		{52C1C382-3F1C-4AB0-8E1E-FBA837C161A3}.Release|Any CPU.Build.0 = Release|Any CPU
	EndGlobalSection
	GlobalSection(SolutionProperties) = preSolution
		HideSolutionNode = FALSE
	EndGlobalSection
	GlobalSection(ExtensibilityGlobals) = postSolution
		SolutionGuid = {72E812D2-9407-4EF3-90ED-5EA27C573062}
	EndGlobalSection
EndGlobal
