
Microsoft Visual Studio Solution File, Format Version 12.00
# Visual Studio Version 17
VisualStudioVersion = 17.2.32505.173
MinimumVisualStudioVersion = 10.0.40219.1
Project("{FAE04EC0-301F-11D3-BF4B-00C04F79EFBC}") = "Sum of Odd Numbers", "Sum of Odd Numbers\Sum of Odd Numbers.csproj", "{14C50CF5-8C9A-4080-B122-3C64A486C873}"
EndProject
Global
	GlobalSection(SolutionConfigurationPlatforms) = preSolution
		Debug|Any CPU = Debug|Any CPU
		Release|Any CPU = Release|Any CPU
	EndGlobalSection
	GlobalSection(ProjectConfigurationPlatforms) = postSolution
		{14C50CF5-8C9A-4080-B122-3C64A486C873}.Debug|Any CPU.ActiveCfg = Debug|Any CPU
		{14C50CF5-8C9A-4080-B122-3C64A486C873}.Debug|Any CPU.Build.0 = Debug|Any CPU
		{14C50CF5-8C9A-4080-B122-3C64A486C873}.Release|Any CPU.ActiveCfg = Release|Any CPU
		{14C50CF5-8C9A-4080-B122-3C64A486C873}.Release|Any CPU.Build.0 = Release|Any CPU
	EndGlobalSection
	GlobalSection(SolutionProperties) = preSolution
		HideSolutionNode = FALSE
	EndGlobalSection
	GlobalSection(ExtensibilityGlobals) = postSolution
		SolutionGuid = {121ADF60-7BB3-4F1E-9D31-2C2FCE0B267D}
	EndGlobalSection
EndGlobal
