
Microsoft Visual Studio Solution File, Format Version 12.00
# Visual Studio Version 17
VisualStudioVersion = 17.1.32328.378
MinimumVisualStudioVersion = 10.0.40219.1
Project("{FAE04EC0-301F-11D3-BF4B-00C04F79EFBC}") = "USD to BGN", "USD to BGN\USD to BGN.csproj", "{2BD3927A-5890-4156-913A-893DF1A3D122}"
EndProject
Global
	GlobalSection(SolutionConfigurationPlatforms) = preSolution
		Debug|Any CPU = Debug|Any CPU
		Release|Any CPU = Release|Any CPU
	EndGlobalSection
	GlobalSection(ProjectConfigurationPlatforms) = postSolution
		{2BD3927A-5890-4156-913A-893DF1A3D122}.Debug|Any CPU.ActiveCfg = Debug|Any CPU
		{2BD3927A-5890-4156-913A-893DF1A3D122}.Debug|Any CPU.Build.0 = Debug|Any CPU
		{2BD3927A-5890-4156-913A-893DF1A3D122}.Release|Any CPU.ActiveCfg = Release|Any CPU
		{2BD3927A-5890-4156-913A-893DF1A3D122}.Release|Any CPU.Build.0 = Release|Any CPU
	EndGlobalSection
	GlobalSection(SolutionProperties) = preSolution
		HideSolutionNode = FALSE
	EndGlobalSection
	GlobalSection(ExtensibilityGlobals) = postSolution
		SolutionGuid = {58EA80FE-2DB1-4B7B-AC25-DC328BDEFB5D}
	EndGlobalSection
EndGlobal
