
Microsoft Visual Studio Solution File, Format Version 12.00
# Visual Studio Version 17
VisualStudioVersion = 17.2.32505.173
MinimumVisualStudioVersion = 10.0.40219.1
Project("{FAE04EC0-301F-11D3-BF4B-00C04F79EFBC}") = "Odd Occurrences", "Odd Occurrences\Odd Occurrences.csproj", "{0B3581F1-3D93-4DE6-A28D-249F26B41824}"
EndProject
Global
	GlobalSection(SolutionConfigurationPlatforms) = preSolution
		Debug|Any CPU = Debug|Any CPU
		Release|Any CPU = Release|Any CPU
	EndGlobalSection
	GlobalSection(ProjectConfigurationPlatforms) = postSolution
		{0B3581F1-3D93-4DE6-A28D-249F26B41824}.Debug|Any CPU.ActiveCfg = Debug|Any CPU
		{0B3581F1-3D93-4DE6-A28D-249F26B41824}.Debug|Any CPU.Build.0 = Debug|Any CPU
		{0B3581F1-3D93-4DE6-A28D-249F26B41824}.Release|Any CPU.ActiveCfg = Release|Any CPU
		{0B3581F1-3D93-4DE6-A28D-249F26B41824}.Release|Any CPU.Build.0 = Release|Any CPU
	EndGlobalSection
	GlobalSection(SolutionProperties) = preSolution
		HideSolutionNode = FALSE
	EndGlobalSection
	GlobalSection(ExtensibilityGlobals) = postSolution
		SolutionGuid = {1CB6A052-415F-4A63-B8BE-4DEF184C8924}
	EndGlobalSection
EndGlobal
