
Microsoft Visual Studio Solution File, Format Version 12.00
# Visual Studio Version 17
VisualStudioVersion = 17.2.32505.173
MinimumVisualStudioVersion = 10.0.40219.1
Project("{FAE04EC0-301F-11D3-BF4B-00C04F79EFBC}") = "Computer Store", "Computer Store\Computer Store.csproj", "{0FDF5DE0-CF59-4DBF-AAE1-0BA00E2E04F9}"
EndProject
Global
	GlobalSection(SolutionConfigurationPlatforms) = preSolution
		Debug|Any CPU = Debug|Any CPU
		Release|Any CPU = Release|Any CPU
	EndGlobalSection
	GlobalSection(ProjectConfigurationPlatforms) = postSolution
		{0FDF5DE0-CF59-4DBF-AAE1-0BA00E2E04F9}.Debug|Any CPU.ActiveCfg = Debug|Any CPU
		{0FDF5DE0-CF59-4DBF-AAE1-0BA00E2E04F9}.Debug|Any CPU.Build.0 = Debug|Any CPU
		{0FDF5DE0-CF59-4DBF-AAE1-0BA00E2E04F9}.Release|Any CPU.ActiveCfg = Release|Any CPU
		{0FDF5DE0-CF59-4DBF-AAE1-0BA00E2E04F9}.Release|Any CPU.Build.0 = Release|Any CPU
	EndGlobalSection
	GlobalSection(SolutionProperties) = preSolution
		HideSolutionNode = FALSE
	EndGlobalSection
	GlobalSection(ExtensibilityGlobals) = postSolution
		SolutionGuid = {B13A1644-8687-4E61-A8CD-411CDB063050}
	EndGlobalSection
EndGlobal
