
Microsoft Visual Studio Solution File, Format Version 12.00
# Visual Studio Version 17
VisualStudioVersion = 17.4.33110.190
MinimumVisualStudioVersion = 10.0.40219.1
Project("{FAE04EC0-301F-11D3-BF4B-00C04F79EFBC}") = "Predicate Party!", "Predicate Party!\Predicate Party!.csproj", "{D2C766DF-C4D3-4EA4-B459-DE4BEBB8C35D}"
EndProject
Global
	GlobalSection(SolutionConfigurationPlatforms) = preSolution
		Debug|Any CPU = Debug|Any CPU
		Release|Any CPU = Release|Any CPU
	EndGlobalSection
	GlobalSection(ProjectConfigurationPlatforms) = postSolution
		{D2C766DF-C4D3-4EA4-B459-DE4BEBB8C35D}.Debug|Any CPU.ActiveCfg = Debug|Any CPU
		{D2C766DF-C4D3-4EA4-B459-DE4BEBB8C35D}.Debug|Any CPU.Build.0 = Debug|Any CPU
		{D2C766DF-C4D3-4EA4-B459-DE4BEBB8C35D}.Release|Any CPU.ActiveCfg = Release|Any CPU
		{D2C766DF-C4D3-4EA4-B459-DE4BEBB8C35D}.Release|Any CPU.Build.0 = Release|Any CPU
	EndGlobalSection
	GlobalSection(SolutionProperties) = preSolution
		HideSolutionNode = FALSE
	EndGlobalSection
	GlobalSection(ExtensibilityGlobals) = postSolution
		SolutionGuid = {1B0C09AE-2A45-40D6-A3B3-4579373C0542}
	EndGlobalSection
EndGlobal
