
Microsoft Visual Studio Solution File, Format Version 12.00
# Visual Studio Version 17
VisualStudioVersion = 17.4.33110.190
MinimumVisualStudioVersion = 10.0.40219.1
Project("{FAE04EC0-301F-11D3-BF4B-00C04F79EFBC}") = "Primary Diagonal", "Primary Diagonal\Primary Diagonal.csproj", "{0D68BA73-1342-4345-B4E6-DA6BF6160680}"
EndProject
Global
	GlobalSection(SolutionConfigurationPlatforms) = preSolution
		Debug|Any CPU = Debug|Any CPU
		Release|Any CPU = Release|Any CPU
	EndGlobalSection
	GlobalSection(ProjectConfigurationPlatforms) = postSolution
		{0D68BA73-1342-4345-B4E6-DA6BF6160680}.Debug|Any CPU.ActiveCfg = Debug|Any CPU
		{0D68BA73-1342-4345-B4E6-DA6BF6160680}.Debug|Any CPU.Build.0 = Debug|Any CPU
		{0D68BA73-1342-4345-B4E6-DA6BF6160680}.Release|Any CPU.ActiveCfg = Release|Any CPU
		{0D68BA73-1342-4345-B4E6-DA6BF6160680}.Release|Any CPU.Build.0 = Release|Any CPU
	EndGlobalSection
	GlobalSection(SolutionProperties) = preSolution
		HideSolutionNode = FALSE
	EndGlobalSection
	GlobalSection(ExtensibilityGlobals) = postSolution
		SolutionGuid = {B8A91891-3D97-4D30-A223-63B909ADDCFF}
	EndGlobalSection
EndGlobal
