
Microsoft Visual Studio Solution File, Format Version 12.00
# Visual Studio Version 17
VisualStudioVersion = 17.2.32505.173
MinimumVisualStudioVersion = 10.0.40219.1
Project("{FAE04EC0-301F-11D3-BF4B-00C04F79EFBC}") = "List Operations", "List Operations\List Operations.csproj", "{E4D63769-4E40-4379-B222-3185D8C7AE96}"
EndProject
Global
	GlobalSection(SolutionConfigurationPlatforms) = preSolution
		Debug|Any CPU = Debug|Any CPU
		Release|Any CPU = Release|Any CPU
	EndGlobalSection
	GlobalSection(ProjectConfigurationPlatforms) = postSolution
		{E4D63769-4E40-4379-B222-3185D8C7AE96}.Debug|Any CPU.ActiveCfg = Debug|Any CPU
		{E4D63769-4E40-4379-B222-3185D8C7AE96}.Debug|Any CPU.Build.0 = Debug|Any CPU
		{E4D63769-4E40-4379-B222-3185D8C7AE96}.Release|Any CPU.ActiveCfg = Release|Any CPU
		{E4D63769-4E40-4379-B222-3185D8C7AE96}.Release|Any CPU.Build.0 = Release|Any CPU
	EndGlobalSection
	GlobalSection(SolutionProperties) = preSolution
		HideSolutionNode = FALSE
	EndGlobalSection
	GlobalSection(ExtensibilityGlobals) = postSolution
		SolutionGuid = {3A7F0055-B58B-4BDB-9639-3E9800848489}
	EndGlobalSection
EndGlobal
