
Microsoft Visual Studio Solution File, Format Version 12.00
# Visual Studio Version 17
VisualStudioVersion = 17.4.33110.190
MinimumVisualStudioVersion = 10.0.40219.1
Project("{FAE04EC0-301F-11D3-BF4B-00C04F79EFBC}") = "Action Point", "Action Point\Action Point.csproj", "{AB96A72E-B6AC-4FA5-B468-457B1A656D5B}"
EndProject
Global
	GlobalSection(SolutionConfigurationPlatforms) = preSolution
		Debug|Any CPU = Debug|Any CPU
		Release|Any CPU = Release|Any CPU
	EndGlobalSection
	GlobalSection(ProjectConfigurationPlatforms) = postSolution
		{AB96A72E-B6AC-4FA5-B468-457B1A656D5B}.Debug|Any CPU.ActiveCfg = Debug|Any CPU
		{AB96A72E-B6AC-4FA5-B468-457B1A656D5B}.Debug|Any CPU.Build.0 = Debug|Any CPU
		{AB96A72E-B6AC-4FA5-B468-457B1A656D5B}.Release|Any CPU.ActiveCfg = Release|Any CPU
		{AB96A72E-B6AC-4FA5-B468-457B1A656D5B}.Release|Any CPU.Build.0 = Release|Any CPU
	EndGlobalSection
	GlobalSection(SolutionProperties) = preSolution
		HideSolutionNode = FALSE
	EndGlobalSection
	GlobalSection(ExtensibilityGlobals) = postSolution
		SolutionGuid = {465CF563-1E23-4219-A0A7-E085523789BC}
	EndGlobalSection
EndGlobal
