
Microsoft Visual Studio Solution File, Format Version 12.00
# Visual Studio Version 17
VisualStudioVersion = 17.2.32505.173
MinimumVisualStudioVersion = 10.0.40219.1
Project("{FAE04EC0-301F-11D3-BF4B-00C04F79EFBC}") = "Add and Subtract", "Add and Subtract\Add and Subtract.csproj", "{02E1EFC4-BD1B-4E7D-AFFC-A7963BA8F45D}"
EndProject
Global
	GlobalSection(SolutionConfigurationPlatforms) = preSolution
		Debug|Any CPU = Debug|Any CPU
		Release|Any CPU = Release|Any CPU
	EndGlobalSection
	GlobalSection(ProjectConfigurationPlatforms) = postSolution
		{02E1EFC4-BD1B-4E7D-AFFC-A7963BA8F45D}.Debug|Any CPU.ActiveCfg = Debug|Any CPU
		{02E1EFC4-BD1B-4E7D-AFFC-A7963BA8F45D}.Debug|Any CPU.Build.0 = Debug|Any CPU
		{02E1EFC4-BD1B-4E7D-AFFC-A7963BA8F45D}.Release|Any CPU.ActiveCfg = Release|Any CPU
		{02E1EFC4-BD1B-4E7D-AFFC-A7963BA8F45D}.Release|Any CPU.Build.0 = Release|Any CPU
	EndGlobalSection
	GlobalSection(SolutionProperties) = preSolution
		HideSolutionNode = FALSE
	EndGlobalSection
	GlobalSection(ExtensibilityGlobals) = postSolution
		SolutionGuid = {3DB38652-BC5A-4ED3-910E-12C33CBA3D71}
	EndGlobalSection
EndGlobal
