
Microsoft Visual Studio Solution File, Format Version 12.00
# Visual Studio Version 17
VisualStudioVersion = 17.4.33110.190
MinimumVisualStudioVersion = 10.0.40219.1
Project("{FAE04EC0-301F-11D3-BF4B-00C04F79EFBC}") = "SpecialCars", "SpecialCars\SpecialCars.csproj", "{EBA57A4E-A751-4A4A-BEB1-9ED859B61351}"
EndProject
Global
	GlobalSection(SolutionConfigurationPlatforms) = preSolution
		Debug|Any CPU = Debug|Any CPU
		Release|Any CPU = Release|Any CPU
	EndGlobalSection
	GlobalSection(ProjectConfigurationPlatforms) = postSolution
		{EBA57A4E-A751-4A4A-BEB1-9ED859B61351}.Debug|Any CPU.ActiveCfg = Debug|Any CPU
		{EBA57A4E-A751-4A4A-BEB1-9ED859B61351}.Debug|Any CPU.Build.0 = Debug|Any CPU
		{EBA57A4E-A751-4A4A-BEB1-9ED859B61351}.Release|Any CPU.ActiveCfg = Release|Any CPU
		{EBA57A4E-A751-4A4A-BEB1-9ED859B61351}.Release|Any CPU.Build.0 = Release|Any CPU
	EndGlobalSection
	GlobalSection(SolutionProperties) = preSolution
		HideSolutionNode = FALSE
	EndGlobalSection
	GlobalSection(ExtensibilityGlobals) = postSolution
		SolutionGuid = {6BB72FE3-130F-48BA-B201-5FB474C2D847}
	EndGlobalSection
EndGlobal
