
Microsoft Visual Studio Solution File, Format Version 12.00
# Visual Studio Version 17
VisualStudioVersion = 17.2.32505.173
MinimumVisualStudioVersion = 10.0.40219.1
Project("{FAE04EC0-301F-11D3-BF4B-00C04F79EFBC}") = "Train The Trainers", "Train The Trainers\Train The Trainers.csproj", "{696DAA3D-DF00-4D02-9D06-990114809A83}"
EndProject
Global
	GlobalSection(SolutionConfigurationPlatforms) = preSolution
		Debug|Any CPU = Debug|Any CPU
		Release|Any CPU = Release|Any CPU
	EndGlobalSection
	GlobalSection(ProjectConfigurationPlatforms) = postSolution
		{696DAA3D-DF00-4D02-9D06-990114809A83}.Debug|Any CPU.ActiveCfg = Debug|Any CPU
		{696DAA3D-DF00-4D02-9D06-990114809A83}.Debug|Any CPU.Build.0 = Debug|Any CPU
		{696DAA3D-DF00-4D02-9D06-990114809A83}.Release|Any CPU.ActiveCfg = Release|Any CPU
		{696DAA3D-DF00-4D02-9D06-990114809A83}.Release|Any CPU.Build.0 = Release|Any CPU
	EndGlobalSection
	GlobalSection(SolutionProperties) = preSolution
		HideSolutionNode = FALSE
	EndGlobalSection
	GlobalSection(ExtensibilityGlobals) = postSolution
		SolutionGuid = {1A3F2293-9564-43BE-BDF5-830DC1A45D0B}
	EndGlobalSection
EndGlobal
