
Microsoft Visual Studio Solution File, Format Version 12.00
# Visual Studio Version 17
VisualStudioVersion = 17.2.32505.173
MinimumVisualStudioVersion = 10.0.40219.1
Project("{FAE04EC0-301F-11D3-BF4B-00C04F79EFBC}") = "Odd-Even Position", "Odd-Even Position\Odd-Even Position.csproj", "{86EE06B0-A510-4BD2-924E-5F78A81B9C12}"
EndProject
Global
	GlobalSection(SolutionConfigurationPlatforms) = preSolution
		Debug|Any CPU = Debug|Any CPU
		Release|Any CPU = Release|Any CPU
	EndGlobalSection
	GlobalSection(ProjectConfigurationPlatforms) = postSolution
		{86EE06B0-A510-4BD2-924E-5F78A81B9C12}.Debug|Any CPU.ActiveCfg = Debug|Any CPU
		{86EE06B0-A510-4BD2-924E-5F78A81B9C12}.Debug|Any CPU.Build.0 = Debug|Any CPU
		{86EE06B0-A510-4BD2-924E-5F78A81B9C12}.Release|Any CPU.ActiveCfg = Release|Any CPU
		{86EE06B0-A510-4BD2-924E-5F78A81B9C12}.Release|Any CPU.Build.0 = Release|Any CPU
	EndGlobalSection
	GlobalSection(SolutionProperties) = preSolution
		HideSolutionNode = FALSE
	EndGlobalSection
	GlobalSection(ExtensibilityGlobals) = postSolution
		SolutionGuid = {0141C999-86B6-495A-86BD-22D5F10E4700}
	EndGlobalSection
EndGlobal
