
Microsoft Visual Studio Solution File, Format Version 12.00
# Visual Studio Version 17
VisualStudioVersion = 17.2.32505.173
MinimumVisualStudioVersion = 10.0.40219.1
Project("{FAE04EC0-301F-11D3-BF4B-00C04F79EFBC}") = "Multiplication Table", "Multiplication Table\Multiplication Table.csproj", "{50F2123E-1832-4B84-90AD-ED307DB6BC27}"
EndProject
Global
	GlobalSection(SolutionConfigurationPlatforms) = preSolution
		Debug|Any CPU = Debug|Any CPU
		Release|Any CPU = Release|Any CPU
	EndGlobalSection
	GlobalSection(ProjectConfigurationPlatforms) = postSolution
		{50F2123E-1832-4B84-90AD-ED307DB6BC27}.Debug|Any CPU.ActiveCfg = Debug|Any CPU
		{50F2123E-1832-4B84-90AD-ED307DB6BC27}.Debug|Any CPU.Build.0 = Debug|Any CPU
		{50F2123E-1832-4B84-90AD-ED307DB6BC27}.Release|Any CPU.ActiveCfg = Release|Any CPU
		{50F2123E-1832-4B84-90AD-ED307DB6BC27}.Release|Any CPU.Build.0 = Release|Any CPU
	EndGlobalSection
	GlobalSection(SolutionProperties) = preSolution
		HideSolutionNode = FALSE
	EndGlobalSection
	GlobalSection(ExtensibilityGlobals) = postSolution
		SolutionGuid = {ACBD0934-2B95-426E-914F-E8BF59C105F5}
	EndGlobalSection
EndGlobal
