
Microsoft Visual Studio Solution File, Format Version 12.00
# Visual Studio Version 17
VisualStudioVersion = 17.4.33110.190
MinimumVisualStudioVersion = 10.0.40219.1
Project("{FAE04EC0-301F-11D3-BF4B-00C04F79EFBC}") = "Encrypt, Sort, and Print Array", "Encrypt, Sort, and Print Array\Encrypt, Sort, and Print Array.csproj", "{86323D3A-B154-4758-8285-0D46BEFABF0C}"
EndProject
Global
	GlobalSection(SolutionConfigurationPlatforms) = preSolution
		Debug|Any CPU = Debug|Any CPU
		Release|Any CPU = Release|Any CPU
	EndGlobalSection
	GlobalSection(ProjectConfigurationPlatforms) = postSolution
		{86323D3A-B154-4758-8285-0D46BEFABF0C}.Debug|Any CPU.ActiveCfg = Debug|Any CPU
		{86323D3A-B154-4758-8285-0D46BEFABF0C}.Debug|Any CPU.Build.0 = Debug|Any CPU
		{86323D3A-B154-4758-8285-0D46BEFABF0C}.Release|Any CPU.ActiveCfg = Release|Any CPU
		{86323D3A-B154-4758-8285-0D46BEFABF0C}.Release|Any CPU.Build.0 = Release|Any CPU
	EndGlobalSection
	GlobalSection(SolutionProperties) = preSolution
		HideSolutionNode = FALSE
	EndGlobalSection
	GlobalSection(ExtensibilityGlobals) = postSolution
		SolutionGuid = {872A9F71-7CB0-4936-9632-5EA6EAB5CBD8}
	EndGlobalSection
EndGlobal
