
Microsoft Visual Studio Solution File, Format Version 12.00
# Visual Studio Version 17
VisualStudioVersion = 17.4.33205.214
MinimumVisualStudioVersion = 10.0.40219.1
Project("{FAE04EC0-301F-11D3-BF4B-00C04F79EFBC}") = "XmlAttributesDemo", "XmlAttributesDemo\XmlAttributesDemo.csproj", "{90EFB962-4925-43BA-ACB2-C7B4730AD874}"
EndProject
Global
	GlobalSection(SolutionConfigurationPlatforms) = preSolution
		Debug|Any CPU = Debug|Any CPU
		Release|Any CPU = Release|Any CPU
	EndGlobalSection
	GlobalSection(ProjectConfigurationPlatforms) = postSolution
		{90EFB962-4925-43BA-ACB2-C7B4730AD874}.Debug|Any CPU.ActiveCfg = Debug|Any CPU
		{90EFB962-4925-43BA-ACB2-C7B4730AD874}.Debug|Any CPU.Build.0 = Debug|Any CPU
		{90EFB962-4925-43BA-ACB2-C7B4730AD874}.Release|Any CPU.ActiveCfg = Release|Any CPU
		{90EFB962-4925-43BA-ACB2-C7B4730AD874}.Release|Any CPU.Build.0 = Release|Any CPU
	EndGlobalSection
	GlobalSection(SolutionProperties) = preSolution
		HideSolutionNode = FALSE
	EndGlobalSection
	GlobalSection(ExtensibilityGlobals) = postSolution
		SolutionGuid = {1109DE6D-9B04-4D3D-B89F-432D4E165275}
	EndGlobalSection
EndGlobal
