
Microsoft Visual Studio Solution File, Format Version 12.00
# Visual Studio Version 17
VisualStudioVersion = 17.2.32505.173
MinimumVisualStudioVersion = 10.0.40219.1
Project("{FAE04EC0-301F-11D3-BF4B-00C04F79EFBC}") = "Sum of Chars", "Sum of Chars\Sum of Chars.csproj", "{3C9235B0-B1F1-4865-B840-D1EE7413315E}"
EndProject
Global
	GlobalSection(SolutionConfigurationPlatforms) = preSolution
		Debug|Any CPU = Debug|Any CPU
		Release|Any CPU = Release|Any CPU
	EndGlobalSection
	GlobalSection(ProjectConfigurationPlatforms) = postSolution
		{3C9235B0-B1F1-4865-B840-D1EE7413315E}.Debug|Any CPU.ActiveCfg = Debug|Any CPU
		{3C9235B0-B1F1-4865-B840-D1EE7413315E}.Debug|Any CPU.Build.0 = Debug|Any CPU
		{3C9235B0-B1F1-4865-B840-D1EE7413315E}.Release|Any CPU.ActiveCfg = Release|Any CPU
		{3C9235B0-B1F1-4865-B840-D1EE7413315E}.Release|Any CPU.Build.0 = Release|Any CPU
	EndGlobalSection
	GlobalSection(SolutionProperties) = preSolution
		HideSolutionNode = FALSE
	EndGlobalSection
	GlobalSection(ExtensibilityGlobals) = postSolution
		SolutionGuid = {BB3F660C-0EE3-4144-86BC-A2F384B5229D}
	EndGlobalSection
EndGlobal
