
Microsoft Visual Studio Solution File, Format Version 12.00
# Visual Studio Version 17
VisualStudioVersion = 17.4.33110.190
MinimumVisualStudioVersion = 10.0.40219.1
Project("{FAE04EC0-301F-11D3-BF4B-00C04F79EFBC}") = "Periodic Table", "Periodic Table\Periodic Table.csproj", "{FF452E8C-FBE1-4896-96D7-B4555F1C6A10}"
EndProject
Global
	GlobalSection(SolutionConfigurationPlatforms) = preSolution
		Debug|Any CPU = Debug|Any CPU
		Release|Any CPU = Release|Any CPU
	EndGlobalSection
	GlobalSection(ProjectConfigurationPlatforms) = postSolution
		{FF452E8C-FBE1-4896-96D7-B4555F1C6A10}.Debug|Any CPU.ActiveCfg = Debug|Any CPU
		{FF452E8C-FBE1-4896-96D7-B4555F1C6A10}.Debug|Any CPU.Build.0 = Debug|Any CPU
		{FF452E8C-FBE1-4896-96D7-B4555F1C6A10}.Release|Any CPU.ActiveCfg = Release|Any CPU
		{FF452E8C-FBE1-4896-96D7-B4555F1C6A10}.Release|Any CPU.Build.0 = Release|Any CPU
	EndGlobalSection
	GlobalSection(SolutionProperties) = preSolution
		HideSolutionNode = FALSE
	EndGlobalSection
	GlobalSection(ExtensibilityGlobals) = postSolution
		SolutionGuid = {5255187D-EA2E-427F-A908-91A19EA40A6B}
	EndGlobalSection
EndGlobal
