
Microsoft Visual Studio Solution File, Format Version 12.00
# Visual Studio Version 17
VisualStudioVersion = 17.2.32505.173
MinimumVisualStudioVersion = 10.0.40219.1
Project("{FAE04EC0-301F-11D3-BF4B-00C04F79EFBC}") = "Refactor Volume of Pyramid", "Refactor Volume of Pyramid\Refactor Volume of Pyramid.csproj", "{F208E22A-8FE5-4026-912E-5E32A5F810B3}"
EndProject
Global
	GlobalSection(SolutionConfigurationPlatforms) = preSolution
		Debug|Any CPU = Debug|Any CPU
		Release|Any CPU = Release|Any CPU
	EndGlobalSection
	GlobalSection(ProjectConfigurationPlatforms) = postSolution
		{F208E22A-8FE5-4026-912E-5E32A5F810B3}.Debug|Any CPU.ActiveCfg = Debug|Any CPU
		{F208E22A-8FE5-4026-912E-5E32A5F810B3}.Debug|Any CPU.Build.0 = Debug|Any CPU
		{F208E22A-8FE5-4026-912E-5E32A5F810B3}.Release|Any CPU.ActiveCfg = Release|Any CPU
		{F208E22A-8FE5-4026-912E-5E32A5F810B3}.Release|Any CPU.Build.0 = Release|Any CPU
	EndGlobalSection
	GlobalSection(SolutionProperties) = preSolution
		HideSolutionNode = FALSE
	EndGlobalSection
	GlobalSection(ExtensibilityGlobals) = postSolution
		SolutionGuid = {CB0F0F30-01F6-4157-8ED0-2A41387BD04C}
	EndGlobalSection
EndGlobal
