
Microsoft Visual Studio Solution File, Format Version 12.00
# Visual Studio Version 17
VisualStudioVersion = 17.2.32505.173
MinimumVisualStudioVersion = 10.0.40219.1
Project("{FAE04EC0-301F-11D3-BF4B-00C04F79EFBC}") = "Logistics", "Logistics\Logistics.csproj", "{8529DA0E-DAD5-4A8B-944C-DDF0E48693C5}"
EndProject
Global
	GlobalSection(SolutionConfigurationPlatforms) = preSolution
		Debug|Any CPU = Debug|Any CPU
		Release|Any CPU = Release|Any CPU
	EndGlobalSection
	GlobalSection(ProjectConfigurationPlatforms) = postSolution
		{8529DA0E-DAD5-4A8B-944C-DDF0E48693C5}.Debug|Any CPU.ActiveCfg = Debug|Any CPU
		{8529DA0E-DAD5-4A8B-944C-DDF0E48693C5}.Debug|Any CPU.Build.0 = Debug|Any CPU
		{8529DA0E-DAD5-4A8B-944C-DDF0E48693C5}.Release|Any CPU.ActiveCfg = Release|Any CPU
		{8529DA0E-DAD5-4A8B-944C-DDF0E48693C5}.Release|Any CPU.Build.0 = Release|Any CPU
	EndGlobalSection
	GlobalSection(SolutionProperties) = preSolution
		HideSolutionNode = FALSE
	EndGlobalSection
	GlobalSection(ExtensibilityGlobals) = postSolution
		SolutionGuid = {7FBD9AC6-906D-4451-8D83-CBB7B0A6BF7D}
	EndGlobalSection
EndGlobal
