
Microsoft Visual Studio Solution File, Format Version 12.00
# Visual Studio Version 17
VisualStudioVersion = 17.2.32505.173
MinimumVisualStudioVersion = 10.0.40219.1
Project("{FAE04EC0-301F-11D3-BF4B-00C04F79EFBC}") = "Valid Usernames", "Valid Usernames\Valid Usernames.csproj", "{CE65097E-A4D2-48F1-9BB9-E351586C0526}"
EndProject
Global
	GlobalSection(SolutionConfigurationPlatforms) = preSolution
		Debug|Any CPU = Debug|Any CPU
		Release|Any CPU = Release|Any CPU
	EndGlobalSection
	GlobalSection(ProjectConfigurationPlatforms) = postSolution
		{CE65097E-A4D2-48F1-9BB9-E351586C0526}.Debug|Any CPU.ActiveCfg = Debug|Any CPU
		{CE65097E-A4D2-48F1-9BB9-E351586C0526}.Debug|Any CPU.Build.0 = Debug|Any CPU
		{CE65097E-A4D2-48F1-9BB9-E351586C0526}.Release|Any CPU.ActiveCfg = Release|Any CPU
		{CE65097E-A4D2-48F1-9BB9-E351586C0526}.Release|Any CPU.Build.0 = Release|Any CPU
	EndGlobalSection
	GlobalSection(SolutionProperties) = preSolution
		HideSolutionNode = FALSE
	EndGlobalSection
	GlobalSection(ExtensibilityGlobals) = postSolution
		SolutionGuid = {ECEF0FC0-5C09-4F14-B748-3DD1396FD8A6}
	EndGlobalSection
EndGlobal
