
Microsoft Visual Studio Solution File, Format Version 12.00
# Visual Studio Version 17
VisualStudioVersion = 17.8.34511.84
MinimumVisualStudioVersion = 10.0.40219.1
Project("{FAE04EC0-301F-11D3-BF4B-00C04F79EFBC}") = "MoreMVCDemo", "MoreMVCDemo\MoreMVCDemo.csproj", "{A08CC242-E061-4E70-A76D-FCE2CAF7E2F5}"
EndProject
Global
	GlobalSection(SolutionConfigurationPlatforms) = preSolution
		Debug|Any CPU = Debug|Any CPU
		Release|Any CPU = Release|Any CPU
	EndGlobalSection
	GlobalSection(ProjectConfigurationPlatforms) = postSolution
		{A08CC242-E061-4E70-A76D-FCE2CAF7E2F5}.Debug|Any CPU.ActiveCfg = Debug|Any CPU
		{A08CC242-E061-4E70-A76D-FCE2CAF7E2F5}.Debug|Any CPU.Build.0 = Debug|Any CPU
		{A08CC242-E061-4E70-A76D-FCE2CAF7E2F5}.Release|Any CPU.ActiveCfg = Release|Any CPU
		{A08CC242-E061-4E70-A76D-FCE2CAF7E2F5}.Release|Any CPU.Build.0 = Release|Any CPU
	EndGlobalSection
	GlobalSection(SolutionProperties) = preSolution
		HideSolutionNode = FALSE
	EndGlobalSection
	GlobalSection(ExtensibilityGlobals) = postSolution
		SolutionGuid = {D3BDEDB6-2E85-4522-8844-B787DEF78F85}
	EndGlobalSection
EndGlobal
