
Microsoft Visual Studio Solution File, Format Version 12.00
# Visual Studio Version 17
VisualStudioVersion = 17.4.33110.190
MinimumVisualStudioVersion = 10.0.40219.1
Project("{FAE04EC0-301F-11D3-BF4B-00C04F79EFBC}") = "Custom Min Function", "Custom Min Function\Custom Min Function.csproj", "{81768C95-932A-4EF0-9632-39E0DEC4485D}"
EndProject
Global
	GlobalSection(SolutionConfigurationPlatforms) = preSolution
		Debug|Any CPU = Debug|Any CPU
		Release|Any CPU = Release|Any CPU
	EndGlobalSection
	GlobalSection(ProjectConfigurationPlatforms) = postSolution
		{81768C95-932A-4EF0-9632-39E0DEC4485D}.Debug|Any CPU.ActiveCfg = Debug|Any CPU
		{81768C95-932A-4EF0-9632-39E0DEC4485D}.Debug|Any CPU.Build.0 = Debug|Any CPU
		{81768C95-932A-4EF0-9632-39E0DEC4485D}.Release|Any CPU.ActiveCfg = Release|Any CPU
		{81768C95-932A-4EF0-9632-39E0DEC4485D}.Release|Any CPU.Build.0 = Release|Any CPU
	EndGlobalSection
	GlobalSection(SolutionProperties) = preSolution
		HideSolutionNode = FALSE
	EndGlobalSection
	GlobalSection(ExtensibilityGlobals) = postSolution
		SolutionGuid = {263979D4-60AA-47A5-A711-18F4170BD476}
	EndGlobalSection
EndGlobal
