
Microsoft Visual Studio Solution File, Format Version 12.00
# Visual Studio Version 17
VisualStudioVersion = 17.1.32414.318
MinimumVisualStudioVersion = 10.0.40219.1
Project("{FAE04EC0-301F-11D3-BF4B-00C04F79EFBC}") = "Day of Week", "Day of Week\Day of Week.csproj", "{7DF17C32-0A0F-4B83-99A8-D298194C6426}"
EndProject
Global
	GlobalSection(SolutionConfigurationPlatforms) = preSolution
		Debug|Any CPU = Debug|Any CPU
		Release|Any CPU = Release|Any CPU
	EndGlobalSection
	GlobalSection(ProjectConfigurationPlatforms) = postSolution
		{7DF17C32-0A0F-4B83-99A8-D298194C6426}.Debug|Any CPU.ActiveCfg = Debug|Any CPU
		{7DF17C32-0A0F-4B83-99A8-D298194C6426}.Debug|Any CPU.Build.0 = Debug|Any CPU
		{7DF17C32-0A0F-4B83-99A8-D298194C6426}.Release|Any CPU.ActiveCfg = Release|Any CPU
		{7DF17C32-0A0F-4B83-99A8-D298194C6426}.Release|Any CPU.Build.0 = Release|Any CPU
	EndGlobalSection
	GlobalSection(SolutionProperties) = preSolution
		HideSolutionNode = FALSE
	EndGlobalSection
	GlobalSection(ExtensibilityGlobals) = postSolution
		SolutionGuid = {78B0F408-EE43-4D90-A4C9-FD1D8E2175FA}
	EndGlobalSection
EndGlobal
