
Microsoft Visual Studio Solution File, Format Version 12.00
# Visual Studio Version 17
VisualStudioVersion = 17.2.32505.173
MinimumVisualStudioVersion = 10.0.40219.1
Project("{FAE04EC0-301F-11D3-BF4B-00C04F79EFBC}") = "Mixed up Lists", "Car Race\Mixed up Lists.csproj", "{E96805F8-5E2C-4CC8-9DE4-5EFCED87D82B}"
EndProject
Global
	GlobalSection(SolutionConfigurationPlatforms) = preSolution
		Debug|Any CPU = Debug|Any CPU
		Release|Any CPU = Release|Any CPU
	EndGlobalSection
	GlobalSection(ProjectConfigurationPlatforms) = postSolution
		{E96805F8-5E2C-4CC8-9DE4-5EFCED87D82B}.Debug|Any CPU.ActiveCfg = Debug|Any CPU
		{E96805F8-5E2C-4CC8-9DE4-5EFCED87D82B}.Debug|Any CPU.Build.0 = Debug|Any CPU
		{E96805F8-5E2C-4CC8-9DE4-5EFCED87D82B}.Release|Any CPU.ActiveCfg = Release|Any CPU
		{E96805F8-5E2C-4CC8-9DE4-5EFCED87D82B}.Release|Any CPU.Build.0 = Release|Any CPU
	EndGlobalSection
	GlobalSection(SolutionProperties) = preSolution
		HideSolutionNode = FALSE
	EndGlobalSection
	GlobalSection(ExtensibilityGlobals) = postSolution
		SolutionGuid = {0E558E44-9DE0-45A3-BA49-6B477E63686C}
	EndGlobalSection
EndGlobal
