
Microsoft Visual Studio Solution File, Format Version 12.00
# Visual Studio Version 17
VisualStudioVersion = 17.2.32505.173
MinimumVisualStudioVersion = 10.0.40219.1
Project("{FAE04EC0-301F-11D3-BF4B-00C04F79EFBC}") = "Old Books", "Old Books\Old Books.csproj", "{84B7FE50-9363-427A-B9B1-CEB30BE1169A}"
EndProject
Global
	GlobalSection(SolutionConfigurationPlatforms) = preSolution
		Debug|Any CPU = Debug|Any CPU
		Release|Any CPU = Release|Any CPU
	EndGlobalSection
	GlobalSection(ProjectConfigurationPlatforms) = postSolution
		{84B7FE50-9363-427A-B9B1-CEB30BE1169A}.Debug|Any CPU.ActiveCfg = Debug|Any CPU
		{84B7FE50-9363-427A-B9B1-CEB30BE1169A}.Debug|Any CPU.Build.0 = Debug|Any CPU
		{84B7FE50-9363-427A-B9B1-CEB30BE1169A}.Release|Any CPU.ActiveCfg = Release|Any CPU
		{84B7FE50-9363-427A-B9B1-CEB30BE1169A}.Release|Any CPU.Build.0 = Release|Any CPU
	EndGlobalSection
	GlobalSection(SolutionProperties) = preSolution
		HideSolutionNode = FALSE
	EndGlobalSection
	GlobalSection(ExtensibilityGlobals) = postSolution
		SolutionGuid = {29E06F9E-B61B-4BDF-B11C-9659893D3A73}
	EndGlobalSection
EndGlobal
