
Microsoft Visual Studio Solution File, Format Version 12.00
# Visual Studio Version 17
VisualStudioVersion = 17.2.32505.173
MinimumVisualStudioVersion = 10.0.40219.1
Project("{FAE04EC0-301F-11D3-BF4B-00C04F79EFBC}") = "Orders", "Orders\Orders.csproj", "{8EA020EC-4C47-432B-83F5-6481CFF00B0E}"
EndProject
Global
	GlobalSection(SolutionConfigurationPlatforms) = preSolution
		Debug|Any CPU = Debug|Any CPU
		Release|Any CPU = Release|Any CPU
	EndGlobalSection
	GlobalSection(ProjectConfigurationPlatforms) = postSolution
		{8EA020EC-4C47-432B-83F5-6481CFF00B0E}.Debug|Any CPU.ActiveCfg = Debug|Any CPU
		{8EA020EC-4C47-432B-83F5-6481CFF00B0E}.Debug|Any CPU.Build.0 = Debug|Any CPU
		{8EA020EC-4C47-432B-83F5-6481CFF00B0E}.Release|Any CPU.ActiveCfg = Release|Any CPU
		{8EA020EC-4C47-432B-83F5-6481CFF00B0E}.Release|Any CPU.Build.0 = Release|Any CPU
	EndGlobalSection
	GlobalSection(SolutionProperties) = preSolution
		HideSolutionNode = FALSE
	EndGlobalSection
	GlobalSection(ExtensibilityGlobals) = postSolution
		SolutionGuid = {3A807864-3DE0-4F67-86A0-F53FD40C1C44}
	EndGlobalSection
EndGlobal
