
Microsoft Visual Studio Solution File, Format Version 12.00
# Visual Studio Version 17
VisualStudioVersion = 17.2.32505.173
MinimumVisualStudioVersion = 10.0.40219.1
Project("{FAE04EC0-301F-11D3-BF4B-00C04F79EFBC}") = "Triangle of Dollars", "Triangle of Dollars\Triangle of Dollars.csproj", "{3DFE6FB6-EE05-4101-9A54-0C3DC619E0B6}"
EndProject
Global
	GlobalSection(SolutionConfigurationPlatforms) = preSolution
		Debug|Any CPU = Debug|Any CPU
		Release|Any CPU = Release|Any CPU
	EndGlobalSection
	GlobalSection(ProjectConfigurationPlatforms) = postSolution
		{3DFE6FB6-EE05-4101-9A54-0C3DC619E0B6}.Debug|Any CPU.ActiveCfg = Debug|Any CPU
		{3DFE6FB6-EE05-4101-9A54-0C3DC619E0B6}.Debug|Any CPU.Build.0 = Debug|Any CPU
		{3DFE6FB6-EE05-4101-9A54-0C3DC619E0B6}.Release|Any CPU.ActiveCfg = Release|Any CPU
		{3DFE6FB6-EE05-4101-9A54-0C3DC619E0B6}.Release|Any CPU.Build.0 = Release|Any CPU
	EndGlobalSection
	GlobalSection(SolutionProperties) = preSolution
		HideSolutionNode = FALSE
	EndGlobalSection
	GlobalSection(ExtensibilityGlobals) = postSolution
		SolutionGuid = {653D3ADB-9A57-4D7A-8CCC-7F288029BD47}
	EndGlobalSection
EndGlobal
