
Microsoft Visual Studio Solution File, Format Version 12.00
# Visual Studio Version 17
VisualStudioVersion = 17.4.33110.190
MinimumVisualStudioVersion = 10.0.40219.1
Project("{FAE04EC0-301F-11D3-BF4B-00C04F79EFBC}") = "Filter By Age", "Filter By Age\Filter By Age.csproj", "{823B380A-17D8-4CF5-AB2A-13AA39889D47}"
EndProject
Global
	GlobalSection(SolutionConfigurationPlatforms) = preSolution
		Debug|Any CPU = Debug|Any CPU
		Release|Any CPU = Release|Any CPU
	EndGlobalSection
	GlobalSection(ProjectConfigurationPlatforms) = postSolution
		{823B380A-17D8-4CF5-AB2A-13AA39889D47}.Debug|Any CPU.ActiveCfg = Debug|Any CPU
		{823B380A-17D8-4CF5-AB2A-13AA39889D47}.Debug|Any CPU.Build.0 = Debug|Any CPU
		{823B380A-17D8-4CF5-AB2A-13AA39889D47}.Release|Any CPU.ActiveCfg = Release|Any CPU
		{823B380A-17D8-4CF5-AB2A-13AA39889D47}.Release|Any CPU.Build.0 = Release|Any CPU
	EndGlobalSection
	GlobalSection(SolutionProperties) = preSolution
		HideSolutionNode = FALSE
	EndGlobalSection
	GlobalSection(ExtensibilityGlobals) = postSolution
		SolutionGuid = {8800B686-87D1-45A8-BD83-83A71CAA3151}
	EndGlobalSection
EndGlobal
