
Microsoft Visual Studio Solution File, Format Version 12.00
# Visual Studio Version 17
VisualStudioVersion = 17.2.32505.173
MinimumVisualStudioVersion = 10.0.40219.1
Project("{FAE04EC0-301F-11D3-BF4B-00C04F79EFBC}") = "Print Part Of ASCII Table", "Print Part Of ASCII Table\Print Part Of ASCII Table.csproj", "{D5FA2E07-7E42-44F5-BBB4-1358CDCAE11B}"
EndProject
Global
	GlobalSection(SolutionConfigurationPlatforms) = preSolution
		Debug|Any CPU = Debug|Any CPU
		Release|Any CPU = Release|Any CPU
	EndGlobalSection
	GlobalSection(ProjectConfigurationPlatforms) = postSolution
		{D5FA2E07-7E42-44F5-BBB4-1358CDCAE11B}.Debug|Any CPU.ActiveCfg = Debug|Any CPU
		{D5FA2E07-7E42-44F5-BBB4-1358CDCAE11B}.Debug|Any CPU.Build.0 = Debug|Any CPU
		{D5FA2E07-7E42-44F5-BBB4-1358CDCAE11B}.Release|Any CPU.ActiveCfg = Release|Any CPU
		{D5FA2E07-7E42-44F5-BBB4-1358CDCAE11B}.Release|Any CPU.Build.0 = Release|Any CPU
	EndGlobalSection
	GlobalSection(SolutionProperties) = preSolution
		HideSolutionNode = FALSE
	EndGlobalSection
	GlobalSection(ExtensibilityGlobals) = postSolution
		SolutionGuid = {AA1EEAC3-E025-41F4-BAB0-0BAF79E6E948}
	EndGlobalSection
EndGlobal
