
Microsoft Visual Studio Solution File, Format Version 12.00
# Visual Studio Version 17
VisualStudioVersion = 17.4.33110.190
MinimumVisualStudioVersion = 10.0.40219.1
Project("{FAE04EC0-301F-11D3-BF4B-00C04F79EFBC}") = "CollectionHierarchy", "CollectionHierarchy\CollectionHierarchy.csproj", "{B8228144-74D1-484B-B72E-F5D0C412D079}"
EndProject
Global
	GlobalSection(SolutionConfigurationPlatforms) = preSolution
		Debug|Any CPU = Debug|Any CPU
		Release|Any CPU = Release|Any CPU
	EndGlobalSection
	GlobalSection(ProjectConfigurationPlatforms) = postSolution
		{B8228144-74D1-484B-B72E-F5D0C412D079}.Debug|Any CPU.ActiveCfg = Debug|Any CPU
		{B8228144-74D1-484B-B72E-F5D0C412D079}.Debug|Any CPU.Build.0 = Debug|Any CPU
		{B8228144-74D1-484B-B72E-F5D0C412D079}.Release|Any CPU.ActiveCfg = Release|Any CPU
		{B8228144-74D1-484B-B72E-F5D0C412D079}.Release|Any CPU.Build.0 = Release|Any CPU
	EndGlobalSection
	GlobalSection(SolutionProperties) = preSolution
		HideSolutionNode = FALSE
	EndGlobalSection
	GlobalSection(ExtensibilityGlobals) = postSolution
		SolutionGuid = {8F83B3EB-322A-4D43-911A-345B38A5F0D2}
	EndGlobalSection
EndGlobal
