
Microsoft Visual Studio Solution File, Format Version 12.00
# Visual Studio Version 17
VisualStudioVersion = 17.1.32414.318
MinimumVisualStudioVersion = 10.0.40219.1
Project("{FAE04EC0-301F-11D3-BF4B-00C04F79EFBC}") = "Number in Range", "Number in Range\Number in Range.csproj", "{63F06968-8504-4015-9EFA-51E6CB9838E9}"
EndProject
Global
	GlobalSection(SolutionConfigurationPlatforms) = preSolution
		Debug|Any CPU = Debug|Any CPU
		Release|Any CPU = Release|Any CPU
	EndGlobalSection
	GlobalSection(ProjectConfigurationPlatforms) = postSolution
		{63F06968-8504-4015-9EFA-51E6CB9838E9}.Debug|Any CPU.ActiveCfg = Debug|Any CPU
		{63F06968-8504-4015-9EFA-51E6CB9838E9}.Debug|Any CPU.Build.0 = Debug|Any CPU
		{63F06968-8504-4015-9EFA-51E6CB9838E9}.Release|Any CPU.ActiveCfg = Release|Any CPU
		{63F06968-8504-4015-9EFA-51E6CB9838E9}.Release|Any CPU.Build.0 = Release|Any CPU
	EndGlobalSection
	GlobalSection(SolutionProperties) = preSolution
		HideSolutionNode = FALSE
	EndGlobalSection
	GlobalSection(ExtensibilityGlobals) = postSolution
		SolutionGuid = {551E0DE8-6FD6-4D17-AB27-80850B00E2A4}
	EndGlobalSection
EndGlobal
