
Microsoft Visual Studio Solution File, Format Version 12.00
# Visual Studio Version 17
VisualStudioVersion = 17.2.32505.173
MinimumVisualStudioVersion = 10.0.40219.1
Project("{FAE04EC0-301F-11D3-BF4B-00C04F79EFBC}") = "Car To Go", "Car To Go\Car To Go.csproj", "{FED8DE81-655A-4EDB-A03D-A36489D11BB4}"
EndProject
Global
	GlobalSection(SolutionConfigurationPlatforms) = preSolution
		Debug|Any CPU = Debug|Any CPU
		Release|Any CPU = Release|Any CPU
	EndGlobalSection
	GlobalSection(ProjectConfigurationPlatforms) = postSolution
		{FED8DE81-655A-4EDB-A03D-A36489D11BB4}.Debug|Any CPU.ActiveCfg = Debug|Any CPU
		{FED8DE81-655A-4EDB-A03D-A36489D11BB4}.Debug|Any CPU.Build.0 = Debug|Any CPU
		{FED8DE81-655A-4EDB-A03D-A36489D11BB4}.Release|Any CPU.ActiveCfg = Release|Any CPU
		{FED8DE81-655A-4EDB-A03D-A36489D11BB4}.Release|Any CPU.Build.0 = Release|Any CPU
	EndGlobalSection
	GlobalSection(SolutionProperties) = preSolution
		HideSolutionNode = FALSE
	EndGlobalSection
	GlobalSection(ExtensibilityGlobals) = postSolution
		SolutionGuid = {CA9E9D6B-4052-4F7A-A3F4-AE1D38FA2C25}
	EndGlobalSection
EndGlobal
