
Microsoft Visual Studio Solution File, Format Version 12.00
# Visual Studio Version 17
VisualStudioVersion = 17.6.33723.286
MinimumVisualStudioVersion = 10.0.40219.1
Project("{FAE04EC0-301F-11D3-BF4B-00C04F79EFBC}") = "AdoDotNetDemo", "AdoDotNetDemo\AdoDotNetDemo.csproj", "{F6ECD934-3AF6-41B9-82B6-E8B4E5E9BBFB}"
EndProject
Global
	GlobalSection(SolutionConfigurationPlatforms) = preSolution
		Debug|Any CPU = Debug|Any CPU
		Release|Any CPU = Release|Any CPU
	EndGlobalSection
	GlobalSection(ProjectConfigurationPlatforms) = postSolution
		{F6ECD934-3AF6-41B9-82B6-E8B4E5E9BBFB}.Debug|Any CPU.ActiveCfg = Debug|Any CPU
		{F6ECD934-3AF6-41B9-82B6-E8B4E5E9BBFB}.Debug|Any CPU.Build.0 = Debug|Any CPU
		{F6ECD934-3AF6-41B9-82B6-E8B4E5E9BBFB}.Release|Any CPU.ActiveCfg = Release|Any CPU
		{F6ECD934-3AF6-41B9-82B6-E8B4E5E9BBFB}.Release|Any CPU.Build.0 = Release|Any CPU
	EndGlobalSection
	GlobalSection(SolutionProperties) = preSolution
		HideSolutionNode = FALSE
	EndGlobalSection
	GlobalSection(ExtensibilityGlobals) = postSolution
		SolutionGuid = {A86069A6-1EE4-4B4E-AD71-031195899DBD}
	EndGlobalSection
EndGlobal
