
Microsoft Visual Studio Solution File, Format Version 12.00
# Visual Studio Version 17
VisualStudioVersion = 17.1.32414.318
MinimumVisualStudioVersion = 10.0.40219.1
Project("{FAE04EC0-301F-11D3-BF4B-00C04F79EFBC}") = "Animal Type", "Animal Type\Animal Type.csproj", "{6BEF90A0-EF16-47E5-88FC-8DEFC4CE64A0}"
EndProject
Global
	GlobalSection(SolutionConfigurationPlatforms) = preSolution
		Debug|Any CPU = Debug|Any CPU
		Release|Any CPU = Release|Any CPU
	EndGlobalSection
	GlobalSection(ProjectConfigurationPlatforms) = postSolution
		{6BEF90A0-EF16-47E5-88FC-8DEFC4CE64A0}.Debug|Any CPU.ActiveCfg = Debug|Any CPU
		{6BEF90A0-EF16-47E5-88FC-8DEFC4CE64A0}.Debug|Any CPU.Build.0 = Debug|Any CPU
		{6BEF90A0-EF16-47E5-88FC-8DEFC4CE64A0}.Release|Any CPU.ActiveCfg = Release|Any CPU
		{6BEF90A0-EF16-47E5-88FC-8DEFC4CE64A0}.Release|Any CPU.Build.0 = Release|Any CPU
	EndGlobalSection
	GlobalSection(SolutionProperties) = preSolution
		HideSolutionNode = FALSE
	EndGlobalSection
	GlobalSection(ExtensibilityGlobals) = postSolution
		SolutionGuid = {08CC014A-794D-4B23-A2EB-3A0D26095038}
	EndGlobalSection
EndGlobal
