
Microsoft Visual Studio Solution File, Format Version 12.00
# Visual Studio Version 17
VisualStudioVersion = 17.4.33110.190
MinimumVisualStudioVersion = 10.0.40219.1
Project("{FAE04EC0-301F-11D3-BF4B-00C04F79EFBC}") = "Cups and Bottles", "Cups and Bottles\Cups and Bottles.csproj", "{25836549-F5ED-49B8-951E-03198A4FDA42}"
EndProject
Global
	GlobalSection(SolutionConfigurationPlatforms) = preSolution
		Debug|Any CPU = Debug|Any CPU
		Release|Any CPU = Release|Any CPU
	EndGlobalSection
	GlobalSection(ProjectConfigurationPlatforms) = postSolution
		{25836549-F5ED-49B8-951E-03198A4FDA42}.Debug|Any CPU.ActiveCfg = Debug|Any CPU
		{25836549-F5ED-49B8-951E-03198A4FDA42}.Debug|Any CPU.Build.0 = Debug|Any CPU
		{25836549-F5ED-49B8-951E-03198A4FDA42}.Release|Any CPU.ActiveCfg = Release|Any CPU
		{25836549-F5ED-49B8-951E-03198A4FDA42}.Release|Any CPU.Build.0 = Release|Any CPU
	EndGlobalSection
	GlobalSection(SolutionProperties) = preSolution
		HideSolutionNode = FALSE
	EndGlobalSection
	GlobalSection(ExtensibilityGlobals) = postSolution
		SolutionGuid = {57BA8719-C71F-481A-84B1-4AC6C80395E1}
	EndGlobalSection
EndGlobal
