
Microsoft Visual Studio Solution File, Format Version 12.00
# Visual Studio Version 17
VisualStudioVersion = 17.4.33110.190
MinimumVisualStudioVersion = 10.0.40219.1
Project("{FAE04EC0-301F-11D3-BF4B-00C04F79EFBC}") = "Animals", "Animals\Animals.csproj", "{93CFDEE8-553A-4247-A4A3-4CC94380E1D4}"
EndProject
Global
	GlobalSection(SolutionConfigurationPlatforms) = preSolution
		Debug|Any CPU = Debug|Any CPU
		Release|Any CPU = Release|Any CPU
	EndGlobalSection
	GlobalSection(ProjectConfigurationPlatforms) = postSolution
		{93CFDEE8-553A-4247-A4A3-4CC94380E1D4}.Debug|Any CPU.ActiveCfg = Debug|Any CPU
		{93CFDEE8-553A-4247-A4A3-4CC94380E1D4}.Debug|Any CPU.Build.0 = Debug|Any CPU
		{93CFDEE8-553A-4247-A4A3-4CC94380E1D4}.Release|Any CPU.ActiveCfg = Release|Any CPU
		{93CFDEE8-553A-4247-A4A3-4CC94380E1D4}.Release|Any CPU.Build.0 = Release|Any CPU
	EndGlobalSection
	GlobalSection(SolutionProperties) = preSolution
		HideSolutionNode = FALSE
	EndGlobalSection
	GlobalSection(ExtensibilityGlobals) = postSolution
		SolutionGuid = {E11D0CB7-D517-4DB5-BD85-F0B91105919B}
	EndGlobalSection
EndGlobal
