
Microsoft Visual Studio Solution File, Format Version 12.00
# Visual Studio Version 17
VisualStudioVersion = 17.5.33424.131
MinimumVisualStudioVersion = 10.0.40219.1
Project("{FAE04EC0-301F-11D3-BF4B-00C04F79EFBC}") = "VehicleGarage", "VehicleGarage\VehicleGarage.csproj", "{293984EB-05AD-48AB-B25B-4908C92FA2D6}"
EndProject
Project("{FAE04EC0-301F-11D3-BF4B-00C04F79EFBC}") = "VehicleGarage.Tests", "VehicleGarage.Tests\VehicleGarage.Tests.csproj", "{46CCA0AC-57C2-4D38-B24C-07BD568DAABD}"
EndProject
Global
	GlobalSection(SolutionConfigurationPlatforms) = preSolution
		Debug|Any CPU = Debug|Any CPU
		Release|Any CPU = Release|Any CPU
	EndGlobalSection
	GlobalSection(ProjectConfigurationPlatforms) = postSolution
		{293984EB-05AD-48AB-B25B-4908C92FA2D6}.Debug|Any CPU.ActiveCfg = Debug|Any CPU
		{293984EB-05AD-48AB-B25B-4908C92FA2D6}.Debug|Any CPU.Build.0 = Debug|Any CPU
		{293984EB-05AD-48AB-B25B-4908C92FA2D6}.Release|Any CPU.ActiveCfg = Release|Any CPU
		{293984EB-05AD-48AB-B25B-4908C92FA2D6}.Release|Any CPU.Build.0 = Release|Any CPU
		{46CCA0AC-57C2-4D38-B24C-07BD568DAABD}.Debug|Any CPU.ActiveCfg = Debug|Any CPU
		{46CCA0AC-57C2-4D38-B24C-07BD568DAABD}.Debug|Any CPU.Build.0 = Debug|Any CPU
		{46CCA0AC-57C2-4D38-B24C-07BD568DAABD}.Release|Any CPU.ActiveCfg = Release|Any CPU
		{46CCA0AC-57C2-4D38-B24C-07BD568DAABD}.Release|Any CPU.Build.0 = Release|Any CPU
	EndGlobalSection
	GlobalSection(SolutionProperties) = preSolution
		HideSolutionNode = FALSE
	EndGlobalSection
	GlobalSection(ExtensibilityGlobals) = postSolution
		SolutionGuid = {1F629D4B-340C-4AF9-8B87-30DBB7007E24}
	EndGlobalSection
EndGlobal
