
Microsoft Visual Studio Solution File, Format Version 12.00
# Visual Studio Version 17
VisualStudioVersion = 17.4.33110.190
MinimumVisualStudioVersion = 10.0.40219.1
Project("{FAE04EC0-301F-11D3-BF4B-00C04F79EFBC}") = "BorderControl", "BorderControl\BorderControl.csproj", "{BD51FF79-9F8A-44C8-B8C5-620FE6777E78}"
EndProject
Global
	GlobalSection(SolutionConfigurationPlatforms) = preSolution
		Debug|Any CPU = Debug|Any CPU
		Release|Any CPU = Release|Any CPU
	EndGlobalSection
	GlobalSection(ProjectConfigurationPlatforms) = postSolution
		{BD51FF79-9F8A-44C8-B8C5-620FE6777E78}.Debug|Any CPU.ActiveCfg = Debug|Any CPU
		{BD51FF79-9F8A-44C8-B8C5-620FE6777E78}.Debug|Any CPU.Build.0 = Debug|Any CPU
		{BD51FF79-9F8A-44C8-B8C5-620FE6777E78}.Release|Any CPU.ActiveCfg = Release|Any CPU
		{BD51FF79-9F8A-44C8-B8C5-620FE6777E78}.Release|Any CPU.Build.0 = Release|Any CPU
	EndGlobalSection
	GlobalSection(SolutionProperties) = preSolution
		HideSolutionNode = FALSE
	EndGlobalSection
	GlobalSection(ExtensibilityGlobals) = postSolution
		SolutionGuid = {84D0A500-7921-45E5-B730-DF92D31A347B}
	EndGlobalSection
EndGlobal
