
Microsoft Visual Studio Solution File, Format Version 12.00
# Visual Studio Version 17
VisualStudioVersion = 17.4.33110.190
MinimumVisualStudioVersion = 10.0.40219.1
Project("{FAE04EC0-301F-11D3-BF4B-00C04F79EFBC}") = "Balanced Parentheses", "Balanced Parentheses\Balanced Parentheses.csproj", "{79007B81-BEA0-46E1-BBFC-331B8D88E2CF}"
EndProject
Global
	GlobalSection(SolutionConfigurationPlatforms) = preSolution
		Debug|Any CPU = Debug|Any CPU
		Release|Any CPU = Release|Any CPU
	EndGlobalSection
	GlobalSection(ProjectConfigurationPlatforms) = postSolution
		{79007B81-BEA0-46E1-BBFC-331B8D88E2CF}.Debug|Any CPU.ActiveCfg = Debug|Any CPU
		{79007B81-BEA0-46E1-BBFC-331B8D88E2CF}.Debug|Any CPU.Build.0 = Debug|Any CPU
		{79007B81-BEA0-46E1-BBFC-331B8D88E2CF}.Release|Any CPU.ActiveCfg = Release|Any CPU
		{79007B81-BEA0-46E1-BBFC-331B8D88E2CF}.Release|Any CPU.Build.0 = Release|Any CPU
	EndGlobalSection
	GlobalSection(SolutionProperties) = preSolution
		HideSolutionNode = FALSE
	EndGlobalSection
	GlobalSection(ExtensibilityGlobals) = postSolution
		SolutionGuid = {DE41591D-81F0-4083-94EE-F6609647BCCC}
	EndGlobalSection
EndGlobal
