
Microsoft Visual Studio Solution File, Format Version 12.00
# Visual Studio Version 17
VisualStudioVersion = 17.2.32505.173
MinimumVisualStudioVersion = 10.0.40219.1
Project("{FAE04EC0-301F-11D3-BF4B-00C04F79EFBC}") = "Top Integers", "Top Integers\Top Integers.csproj", "{77D4C577-FFB3-4F30-9401-19AE19F1942E}"
EndProject
Global
	GlobalSection(SolutionConfigurationPlatforms) = preSolution
		Debug|Any CPU = Debug|Any CPU
		Release|Any CPU = Release|Any CPU
	EndGlobalSection
	GlobalSection(ProjectConfigurationPlatforms) = postSolution
		{77D4C577-FFB3-4F30-9401-19AE19F1942E}.Debug|Any CPU.ActiveCfg = Debug|Any CPU
		{77D4C577-FFB3-4F30-9401-19AE19F1942E}.Debug|Any CPU.Build.0 = Debug|Any CPU
		{77D4C577-FFB3-4F30-9401-19AE19F1942E}.Release|Any CPU.ActiveCfg = Release|Any CPU
		{77D4C577-FFB3-4F30-9401-19AE19F1942E}.Release|Any CPU.Build.0 = Release|Any CPU
	EndGlobalSection
	GlobalSection(SolutionProperties) = preSolution
		HideSolutionNode = FALSE
	EndGlobalSection
	GlobalSection(ExtensibilityGlobals) = postSolution
		SolutionGuid = {3E092D16-6277-4782-A797-29D8A00ED4A7}
	EndGlobalSection
EndGlobal
