
Microsoft Visual Studio Solution File, Format Version 12.00
# Visual Studio Version 17
VisualStudioVersion = 17.4.33110.190
MinimumVisualStudioVersion = 10.0.40219.1
Project("{FAE04EC0-301F-11D3-BF4B-00C04F79EFBC}") = "Songs Queue", "Songs Queue\Songs Queue.csproj", "{DCC54E68-5DDE-485E-A248-B72C063A9DB9}"
EndProject
Global
	GlobalSection(SolutionConfigurationPlatforms) = preSolution
		Debug|Any CPU = Debug|Any CPU
		Release|Any CPU = Release|Any CPU
	EndGlobalSection
	GlobalSection(ProjectConfigurationPlatforms) = postSolution
		{DCC54E68-5DDE-485E-A248-B72C063A9DB9}.Debug|Any CPU.ActiveCfg = Debug|Any CPU
		{DCC54E68-5DDE-485E-A248-B72C063A9DB9}.Debug|Any CPU.Build.0 = Debug|Any CPU
		{DCC54E68-5DDE-485E-A248-B72C063A9DB9}.Release|Any CPU.ActiveCfg = Release|Any CPU
		{DCC54E68-5DDE-485E-A248-B72C063A9DB9}.Release|Any CPU.Build.0 = Release|Any CPU
	EndGlobalSection
	GlobalSection(SolutionProperties) = preSolution
		HideSolutionNode = FALSE
	EndGlobalSection
	GlobalSection(ExtensibilityGlobals) = postSolution
		SolutionGuid = {B64AE533-607C-4523-B1CB-46223D0E7AE6}
	EndGlobalSection
EndGlobal
