
Microsoft Visual Studio Solution File, Format Version 12.00
# Visual Studio Version 17
VisualStudioVersion = 17.4.33110.190
MinimumVisualStudioVersion = 10.0.40219.1
Project("{FAE04EC0-301F-11D3-BF4B-00C04F79EFBC}") = "Crossroads", "Crossroads\Crossroads.csproj", "{624A6C15-218B-4EB6-9D6F-973F1DF7DBB8}"
EndProject
Global
	GlobalSection(SolutionConfigurationPlatforms) = preSolution
		Debug|Any CPU = Debug|Any CPU
		Release|Any CPU = Release|Any CPU
	EndGlobalSection
	GlobalSection(ProjectConfigurationPlatforms) = postSolution
		{624A6C15-218B-4EB6-9D6F-973F1DF7DBB8}.Debug|Any CPU.ActiveCfg = Debug|Any CPU
		{624A6C15-218B-4EB6-9D6F-973F1DF7DBB8}.Debug|Any CPU.Build.0 = Debug|Any CPU
		{624A6C15-218B-4EB6-9D6F-973F1DF7DBB8}.Release|Any CPU.ActiveCfg = Release|Any CPU
		{624A6C15-218B-4EB6-9D6F-973F1DF7DBB8}.Release|Any CPU.Build.0 = Release|Any CPU
	EndGlobalSection
	GlobalSection(SolutionProperties) = preSolution
		HideSolutionNode = FALSE
	EndGlobalSection
	GlobalSection(ExtensibilityGlobals) = postSolution
		SolutionGuid = {DC013676-0DEF-4AC7-AC24-32CC7DEF4689}
	EndGlobalSection
EndGlobal
