
Microsoft Visual Studio Solution File, Format Version 12.00
# Visual Studio Version 17
VisualStudioVersion = 17.4.33110.190
MinimumVisualStudioVersion = 10.0.40219.1
Project("{FAE04EC0-301F-11D3-BF4B-00C04F79EFBC}") = "The V-Logger", "The V-Logger\The V-Logger.csproj", "{6868DBF1-EC0D-4330-9FD0-73DC913A0D75}"
EndProject
Global
	GlobalSection(SolutionConfigurationPlatforms) = preSolution
		Debug|Any CPU = Debug|Any CPU
		Release|Any CPU = Release|Any CPU
	EndGlobalSection
	GlobalSection(ProjectConfigurationPlatforms) = postSolution
		{6868DBF1-EC0D-4330-9FD0-73DC913A0D75}.Debug|Any CPU.ActiveCfg = Debug|Any CPU
		{6868DBF1-EC0D-4330-9FD0-73DC913A0D75}.Debug|Any CPU.Build.0 = Debug|Any CPU
		{6868DBF1-EC0D-4330-9FD0-73DC913A0D75}.Release|Any CPU.ActiveCfg = Release|Any CPU
		{6868DBF1-EC0D-4330-9FD0-73DC913A0D75}.Release|Any CPU.Build.0 = Release|Any CPU
	EndGlobalSection
	GlobalSection(SolutionProperties) = preSolution
		HideSolutionNode = FALSE
	EndGlobalSection
	GlobalSection(ExtensibilityGlobals) = postSolution
		SolutionGuid = {627E756A-2FE1-46FE-BAEB-13AE4A50327C}
	EndGlobalSection
EndGlobal
