
Microsoft Visual Studio Solution File, Format Version 12.00
# Visual Studio Version 17
VisualStudioVersion = 17.1.32328.378
MinimumVisualStudioVersion = 10.0.40219.1
Project("{FAE04EC0-301F-11D3-BF4B-00C04F79EFBC}") = "Excellent Result", "Excellent Result\Excellent Result.csproj", "{9AFD05D2-BB15-45EC-99CF-061D13390CFC}"
EndProject
Global
	GlobalSection(SolutionConfigurationPlatforms) = preSolution
		Debug|Any CPU = Debug|Any CPU
		Release|Any CPU = Release|Any CPU
	EndGlobalSection
	GlobalSection(ProjectConfigurationPlatforms) = postSolution
		{9AFD05D2-BB15-45EC-99CF-061D13390CFC}.Debug|Any CPU.ActiveCfg = Debug|Any CPU
		{9AFD05D2-BB15-45EC-99CF-061D13390CFC}.Debug|Any CPU.Build.0 = Debug|Any CPU
		{9AFD05D2-BB15-45EC-99CF-061D13390CFC}.Release|Any CPU.ActiveCfg = Release|Any CPU
		{9AFD05D2-BB15-45EC-99CF-061D13390CFC}.Release|Any CPU.Build.0 = Release|Any CPU
	EndGlobalSection
	GlobalSection(SolutionProperties) = preSolution
		HideSolutionNode = FALSE
	EndGlobalSection
	GlobalSection(ExtensibilityGlobals) = postSolution
		SolutionGuid = {D1C29305-B4C4-4C50-9091-BFC308B1CCD5}
	EndGlobalSection
EndGlobal
