
Microsoft Visual Studio Solution File, Format Version 12.00
# Visual Studio Version 17
VisualStudioVersion = 17.2.32505.173
MinimumVisualStudioVersion = 10.0.40219.1
Project("{FAE04EC0-301F-11D3-BF4B-00C04F79EFBC}") = "Triangle of Numbers", "Triangle of Numbers\Triangle of Numbers.csproj", "{430E27F0-A5F3-444B-844D-8A622E79D300}"
EndProject
Global
	GlobalSection(SolutionConfigurationPlatforms) = preSolution
		Debug|Any CPU = Debug|Any CPU
		Release|Any CPU = Release|Any CPU
	EndGlobalSection
	GlobalSection(ProjectConfigurationPlatforms) = postSolution
		{430E27F0-A5F3-444B-844D-8A622E79D300}.Debug|Any CPU.ActiveCfg = Debug|Any CPU
		{430E27F0-A5F3-444B-844D-8A622E79D300}.Debug|Any CPU.Build.0 = Debug|Any CPU
		{430E27F0-A5F3-444B-844D-8A622E79D300}.Release|Any CPU.ActiveCfg = Release|Any CPU
		{430E27F0-A5F3-444B-844D-8A622E79D300}.Release|Any CPU.Build.0 = Release|Any CPU
	EndGlobalSection
	GlobalSection(SolutionProperties) = preSolution
		HideSolutionNode = FALSE
	EndGlobalSection
	GlobalSection(ExtensibilityGlobals) = postSolution
		SolutionGuid = {C329BCAB-2922-4DAB-9E20-3C5928BE2FA8}
	EndGlobalSection
EndGlobal
