
Microsoft Visual Studio Solution File, Format Version 12.00
# Visual Studio Version 17
VisualStudioVersion = 17.4.33110.190
MinimumVisualStudioVersion = 10.0.40219.1
Project("{FAE04EC0-301F-11D3-BF4B-00C04F79EFBC}") = "WildFarm", "WildFarm\WildFarm.csproj", "{AF3E83E9-2374-4478-A552-9F20E78140CD}"
EndProject
Global
	GlobalSection(SolutionConfigurationPlatforms) = preSolution
		Debug|Any CPU = Debug|Any CPU
		Release|Any CPU = Release|Any CPU
	EndGlobalSection
	GlobalSection(ProjectConfigurationPlatforms) = postSolution
		{AF3E83E9-2374-4478-A552-9F20E78140CD}.Debug|Any CPU.ActiveCfg = Debug|Any CPU
		{AF3E83E9-2374-4478-A552-9F20E78140CD}.Debug|Any CPU.Build.0 = Debug|Any CPU
		{AF3E83E9-2374-4478-A552-9F20E78140CD}.Release|Any CPU.ActiveCfg = Release|Any CPU
		{AF3E83E9-2374-4478-A552-9F20E78140CD}.Release|Any CPU.Build.0 = Release|Any CPU
	EndGlobalSection
	GlobalSection(SolutionProperties) = preSolution
		HideSolutionNode = FALSE
	EndGlobalSection
	GlobalSection(ExtensibilityGlobals) = postSolution
		SolutionGuid = {E80EB7C3-E059-4C29-B541-BD95ABB6D81C}
	EndGlobalSection
EndGlobal
