
Microsoft Visual Studio Solution File, Format Version 12.00
# Visual Studio Version 17
VisualStudioVersion = 17.2.32505.173
MinimumVisualStudioVersion = 10.0.40219.1
Project("{FAE04EC0-301F-11D3-BF4B-00C04F79EFBC}") = "Foreign Languages", "Foreign Languages\Foreign Languages.csproj", "{A2516727-9FB5-4815-97A6-CDF92C9E5EBC}"
EndProject
Global
	GlobalSection(SolutionConfigurationPlatforms) = preSolution
		Debug|Any CPU = Debug|Any CPU
		Release|Any CPU = Release|Any CPU
	EndGlobalSection
	GlobalSection(ProjectConfigurationPlatforms) = postSolution
		{A2516727-9FB5-4815-97A6-CDF92C9E5EBC}.Debug|Any CPU.ActiveCfg = Debug|Any CPU
		{A2516727-9FB5-4815-97A6-CDF92C9E5EBC}.Debug|Any CPU.Build.0 = Debug|Any CPU
		{A2516727-9FB5-4815-97A6-CDF92C9E5EBC}.Release|Any CPU.ActiveCfg = Release|Any CPU
		{A2516727-9FB5-4815-97A6-CDF92C9E5EBC}.Release|Any CPU.Build.0 = Release|Any CPU
	EndGlobalSection
	GlobalSection(SolutionProperties) = preSolution
		HideSolutionNode = FALSE
	EndGlobalSection
	GlobalSection(ExtensibilityGlobals) = postSolution
		SolutionGuid = {A98F5B85-72F5-4F96-B827-44B666D4CE99}
	EndGlobalSection
EndGlobal
