
Microsoft Visual Studio Solution File, Format Version 12.00
# Visual Studio Version 17
VisualStudioVersion = 17.2.32505.173
MinimumVisualStudioVersion = 10.0.40219.1
Project("{FAE04EC0-301F-11D3-BF4B-00C04F79EFBC}") = "Remove Negatives and Reverse", "Remove Negatives and Reverse\Remove Negatives and Reverse.csproj", "{28A86819-D79B-4CA3-815B-D0D9F43704B8}"
EndProject
Global
	GlobalSection(SolutionConfigurationPlatforms) = preSolution
		Debug|Any CPU = Debug|Any CPU
		Release|Any CPU = Release|Any CPU
	EndGlobalSection
	GlobalSection(ProjectConfigurationPlatforms) = postSolution
		{28A86819-D79B-4CA3-815B-D0D9F43704B8}.Debug|Any CPU.ActiveCfg = Debug|Any CPU
		{28A86819-D79B-4CA3-815B-D0D9F43704B8}.Debug|Any CPU.Build.0 = Debug|Any CPU
		{28A86819-D79B-4CA3-815B-D0D9F43704B8}.Release|Any CPU.ActiveCfg = Release|Any CPU
		{28A86819-D79B-4CA3-815B-D0D9F43704B8}.Release|Any CPU.Build.0 = Release|Any CPU
	EndGlobalSection
	GlobalSection(SolutionProperties) = preSolution
		HideSolutionNode = FALSE
	EndGlobalSection
	GlobalSection(ExtensibilityGlobals) = postSolution
		SolutionGuid = {0F440B30-C01E-44AE-B576-489ADB99387E}
	EndGlobalSection
EndGlobal
