
Microsoft Visual Studio Solution File, Format Version 12.00
# Visual Studio Version 17
VisualStudioVersion = 17.1.32328.378
MinimumVisualStudioVersion = 10.0.40219.1
Project("{FAE04EC0-301F-11D3-BF4B-00C04F79EFBC}") = "Area of Figures", "Area of Figures\Area of Figures.csproj", "{52B28E16-DD8D-495A-BD7C-95830B3295AD}"
EndProject
Global
	GlobalSection(SolutionConfigurationPlatforms) = preSolution
		Debug|Any CPU = Debug|Any CPU
		Release|Any CPU = Release|Any CPU
	EndGlobalSection
	GlobalSection(ProjectConfigurationPlatforms) = postSolution
		{52B28E16-DD8D-495A-BD7C-95830B3295AD}.Debug|Any CPU.ActiveCfg = Debug|Any CPU
		{52B28E16-DD8D-495A-BD7C-95830B3295AD}.Debug|Any CPU.Build.0 = Debug|Any CPU
		{52B28E16-DD8D-495A-BD7C-95830B3295AD}.Release|Any CPU.ActiveCfg = Release|Any CPU
		{52B28E16-DD8D-495A-BD7C-95830B3295AD}.Release|Any CPU.Build.0 = Release|Any CPU
	EndGlobalSection
	GlobalSection(SolutionProperties) = preSolution
		HideSolutionNode = FALSE
	EndGlobalSection
	GlobalSection(ExtensibilityGlobals) = postSolution
		SolutionGuid = {183B6616-8E0C-4866-87E5-5C8DD589A29E}
	EndGlobalSection
EndGlobal
