
Microsoft Visual Studio Solution File, Format Version 12.00
# Visual Studio Version 17
VisualStudioVersion = 17.2.32505.173
MinimumVisualStudioVersion = 10.0.40219.1
Project("{FAE04EC0-301F-11D3-BF4B-00C04F79EFBC}") = "Bills", "Bills\Bills.csproj", "{7146640B-9645-4DFB-8B76-100F4256D386}"
EndProject
Global
	GlobalSection(SolutionConfigurationPlatforms) = preSolution
		Debug|Any CPU = Debug|Any CPU
		Release|Any CPU = Release|Any CPU
	EndGlobalSection
	GlobalSection(ProjectConfigurationPlatforms) = postSolution
		{7146640B-9645-4DFB-8B76-100F4256D386}.Debug|Any CPU.ActiveCfg = Debug|Any CPU
		{7146640B-9645-4DFB-8B76-100F4256D386}.Debug|Any CPU.Build.0 = Debug|Any CPU
		{7146640B-9645-4DFB-8B76-100F4256D386}.Release|Any CPU.ActiveCfg = Release|Any CPU
		{7146640B-9645-4DFB-8B76-100F4256D386}.Release|Any CPU.Build.0 = Release|Any CPU
	EndGlobalSection
	GlobalSection(SolutionProperties) = preSolution
		HideSolutionNode = FALSE
	EndGlobalSection
	GlobalSection(ExtensibilityGlobals) = postSolution
		SolutionGuid = {B423E48B-6DEB-4CEF-9BF4-27F082B2F828}
	EndGlobalSection
EndGlobal
