
Microsoft Visual Studio Solution File, Format Version 12.00
# Visual Studio Version 17
VisualStudioVersion = 17.1.32414.318
MinimumVisualStudioVersion = 10.0.40219.1
Project("{FAE04EC0-301F-11D3-BF4B-00C04F79EFBC}") = "Even Powers of 2", "Even Powers of 2\Even Powers of 2.csproj", "{211099C0-3914-4841-BC0A-BD209A4000AB}"
EndProject
Global
	GlobalSection(SolutionConfigurationPlatforms) = preSolution
		Debug|Any CPU = Debug|Any CPU
		Release|Any CPU = Release|Any CPU
	EndGlobalSection
	GlobalSection(ProjectConfigurationPlatforms) = postSolution
		{211099C0-3914-4841-BC0A-BD209A4000AB}.Debug|Any CPU.ActiveCfg = Debug|Any CPU
		{211099C0-3914-4841-BC0A-BD209A4000AB}.Debug|Any CPU.Build.0 = Debug|Any CPU
		{211099C0-3914-4841-BC0A-BD209A4000AB}.Release|Any CPU.ActiveCfg = Release|Any CPU
		{211099C0-3914-4841-BC0A-BD209A4000AB}.Release|Any CPU.Build.0 = Release|Any CPU
	EndGlobalSection
	GlobalSection(SolutionProperties) = preSolution
		HideSolutionNode = FALSE
	EndGlobalSection
	GlobalSection(ExtensibilityGlobals) = postSolution
		SolutionGuid = {2E1752BA-73E7-481D-B277-41C96E3D62F1}
	EndGlobalSection
EndGlobal
