
Microsoft Visual Studio Solution File, Format Version 12.00
# Visual Studio Version 17
VisualStudioVersion = 17.2.32505.173
MinimumVisualStudioVersion = 10.0.40219.1
Project("{FAE04EC0-301F-11D3-BF4B-00C04F79EFBC}") = "Sum Digits", "Sum Digits\Sum Digits.csproj", "{3F46D48A-4893-416C-B859-9A4BA2A9B60B}"
EndProject
Global
	GlobalSection(SolutionConfigurationPlatforms) = preSolution
		Debug|Any CPU = Debug|Any CPU
		Release|Any CPU = Release|Any CPU
	EndGlobalSection
	GlobalSection(ProjectConfigurationPlatforms) = postSolution
		{3F46D48A-4893-416C-B859-9A4BA2A9B60B}.Debug|Any CPU.ActiveCfg = Debug|Any CPU
		{3F46D48A-4893-416C-B859-9A4BA2A9B60B}.Debug|Any CPU.Build.0 = Debug|Any CPU
		{3F46D48A-4893-416C-B859-9A4BA2A9B60B}.Release|Any CPU.ActiveCfg = Release|Any CPU
		{3F46D48A-4893-416C-B859-9A4BA2A9B60B}.Release|Any CPU.Build.0 = Release|Any CPU
	EndGlobalSection
	GlobalSection(SolutionProperties) = preSolution
		HideSolutionNode = FALSE
	EndGlobalSection
	GlobalSection(ExtensibilityGlobals) = postSolution
		SolutionGuid = {F2907789-AF1A-42D0-8953-4806A363E646}
	EndGlobalSection
EndGlobal
