
Microsoft Visual Studio Solution File, Format Version 12.00
# Visual Studio Version 17
VisualStudioVersion = 17.2.32505.173
MinimumVisualStudioVersion = 10.0.40219.1
Project("{FAE04EC0-301F-11D3-BF4B-00C04F79EFBC}") = "Vacation", "Vacation\Vacation.csproj", "{9BBEFDFF-AEBF-4E2E-A25A-2CB80911EF4A}"
EndProject
Global
	GlobalSection(SolutionConfigurationPlatforms) = preSolution
		Debug|Any CPU = Debug|Any CPU
		Release|Any CPU = Release|Any CPU
	EndGlobalSection
	GlobalSection(ProjectConfigurationPlatforms) = postSolution
		{9BBEFDFF-AEBF-4E2E-A25A-2CB80911EF4A}.Debug|Any CPU.ActiveCfg = Debug|Any CPU
		{9BBEFDFF-AEBF-4E2E-A25A-2CB80911EF4A}.Debug|Any CPU.Build.0 = Debug|Any CPU
		{9BBEFDFF-AEBF-4E2E-A25A-2CB80911EF4A}.Release|Any CPU.ActiveCfg = Release|Any CPU
		{9BBEFDFF-AEBF-4E2E-A25A-2CB80911EF4A}.Release|Any CPU.Build.0 = Release|Any CPU
	EndGlobalSection
	GlobalSection(SolutionProperties) = preSolution
		HideSolutionNode = FALSE
	EndGlobalSection
	GlobalSection(ExtensibilityGlobals) = postSolution
		SolutionGuid = {B81F3E37-F86D-47C1-BFBE-A50078D172E0}
	EndGlobalSection
EndGlobal
