
Microsoft Visual Studio Solution File, Format Version 12.00
# Visual Studio Version 17
VisualStudioVersion = 17.2.32505.173
MinimumVisualStudioVersion = 10.0.40219.1
Project("{FAE04EC0-301F-11D3-BF4B-00C04F79EFBC}") = "Login", "Login\Login.csproj", "{22021E0F-1DE7-4ABD-8049-A28C2F8F9D6F}"
EndProject
Global
	GlobalSection(SolutionConfigurationPlatforms) = preSolution
		Debug|Any CPU = Debug|Any CPU
		Release|Any CPU = Release|Any CPU
	EndGlobalSection
	GlobalSection(ProjectConfigurationPlatforms) = postSolution
		{22021E0F-1DE7-4ABD-8049-A28C2F8F9D6F}.Debug|Any CPU.ActiveCfg = Debug|Any CPU
		{22021E0F-1DE7-4ABD-8049-A28C2F8F9D6F}.Debug|Any CPU.Build.0 = Debug|Any CPU
		{22021E0F-1DE7-4ABD-8049-A28C2F8F9D6F}.Release|Any CPU.ActiveCfg = Release|Any CPU
		{22021E0F-1DE7-4ABD-8049-A28C2F8F9D6F}.Release|Any CPU.Build.0 = Release|Any CPU
	EndGlobalSection
	GlobalSection(SolutionProperties) = preSolution
		HideSolutionNode = FALSE
	EndGlobalSection
	GlobalSection(ExtensibilityGlobals) = postSolution
		SolutionGuid = {77F3E3BC-C919-4CD0-9AA8-AB87EB6109BB}
	EndGlobalSection
EndGlobal
