
Microsoft Visual Studio Solution File, Format Version 12.00
# Visual Studio Version 17
VisualStudioVersion = 17.2.32505.173
MinimumVisualStudioVersion = 10.0.40219.1
Project("{FAE04EC0-301F-11D3-BF4B-00C04F79EFBC}") = "Text Filter", "Text Filter\Text Filter.csproj", "{1621A108-9B64-49E4-A498-00F879B52443}"
EndProject
Global
	GlobalSection(SolutionConfigurationPlatforms) = preSolution
		Debug|Any CPU = Debug|Any CPU
		Release|Any CPU = Release|Any CPU
	EndGlobalSection
	GlobalSection(ProjectConfigurationPlatforms) = postSolution
		{1621A108-9B64-49E4-A498-00F879B52443}.Debug|Any CPU.ActiveCfg = Debug|Any CPU
		{1621A108-9B64-49E4-A498-00F879B52443}.Debug|Any CPU.Build.0 = Debug|Any CPU
		{1621A108-9B64-49E4-A498-00F879B52443}.Release|Any CPU.ActiveCfg = Release|Any CPU
		{1621A108-9B64-49E4-A498-00F879B52443}.Release|Any CPU.Build.0 = Release|Any CPU
	EndGlobalSection
	GlobalSection(SolutionProperties) = preSolution
		HideSolutionNode = FALSE
	EndGlobalSection
	GlobalSection(ExtensibilityGlobals) = postSolution
		SolutionGuid = {64438295-8C43-4D56-B3F5-A99424964911}
	EndGlobalSection
EndGlobal
