
Microsoft Visual Studio Solution File, Format Version 12.00
# Visual Studio Version 17
VisualStudioVersion = 17.4.33110.190
MinimumVisualStudioVersion = 10.0.40219.1
Project("{FAE04EC0-301F-11D3-BF4B-00C04F79EFBC}") = "ClassBoxData", "ClassBoxData\ClassBoxData.csproj", "{A3534276-A7A3-40F4-8E7F-CA8C65572831}"
EndProject
Global
	GlobalSection(SolutionConfigurationPlatforms) = preSolution
		Debug|Any CPU = Debug|Any CPU
		Release|Any CPU = Release|Any CPU
	EndGlobalSection
	GlobalSection(ProjectConfigurationPlatforms) = postSolution
		{A3534276-A7A3-40F4-8E7F-CA8C65572831}.Debug|Any CPU.ActiveCfg = Debug|Any CPU
		{A3534276-A7A3-40F4-8E7F-CA8C65572831}.Debug|Any CPU.Build.0 = Debug|Any CPU
		{A3534276-A7A3-40F4-8E7F-CA8C65572831}.Release|Any CPU.ActiveCfg = Release|Any CPU
		{A3534276-A7A3-40F4-8E7F-CA8C65572831}.Release|Any CPU.Build.0 = Release|Any CPU
	EndGlobalSection
	GlobalSection(SolutionProperties) = preSolution
		HideSolutionNode = FALSE
	EndGlobalSection
	GlobalSection(ExtensibilityGlobals) = postSolution
		SolutionGuid = {5A39319B-4870-40B1-B6FF-79C8244B61A3}
	EndGlobalSection
EndGlobal
