
Microsoft Visual Studio Solution File, Format Version 12.00
# Visual Studio Version 17
VisualStudioVersion = 17.2.32505.173
MinimumVisualStudioVersion = 10.0.40219.1
Project("{FAE04EC0-301F-11D3-BF4B-00C04F79EFBC}") = "Sort Numbers", "Sort Numbers\Sort Numbers.csproj", "{5EF3EF1A-5588-4101-B1CB-96F1BA5F6FD0}"
EndProject
Global
	GlobalSection(SolutionConfigurationPlatforms) = preSolution
		Debug|Any CPU = Debug|Any CPU
		Release|Any CPU = Release|Any CPU
	EndGlobalSection
	GlobalSection(ProjectConfigurationPlatforms) = postSolution
		{5EF3EF1A-5588-4101-B1CB-96F1BA5F6FD0}.Debug|Any CPU.ActiveCfg = Debug|Any CPU
		{5EF3EF1A-5588-4101-B1CB-96F1BA5F6FD0}.Debug|Any CPU.Build.0 = Debug|Any CPU
		{5EF3EF1A-5588-4101-B1CB-96F1BA5F6FD0}.Release|Any CPU.ActiveCfg = Release|Any CPU
		{5EF3EF1A-5588-4101-B1CB-96F1BA5F6FD0}.Release|Any CPU.Build.0 = Release|Any CPU
	EndGlobalSection
	GlobalSection(SolutionProperties) = preSolution
		HideSolutionNode = FALSE
	EndGlobalSection
	GlobalSection(ExtensibilityGlobals) = postSolution
		SolutionGuid = {829351B5-5B59-47F2-8240-B4970EC61367}
	EndGlobalSection
EndGlobal
