
Microsoft Visual Studio Solution File, Format Version 12.00
# Visual Studio Version 17
VisualStudioVersion = 17.4.33110.190
MinimumVisualStudioVersion = 10.0.40219.1
Project("{FAE04EC0-301F-11D3-BF4B-00C04F79EFBC}") = "DefiningClasses", "DefiningClasses\DefiningClasses.csproj", "{3BD7B74E-F9E3-45C6-A578-3A3E17D2C679}"
EndProject
Global
	GlobalSection(SolutionConfigurationPlatforms) = preSolution
		Debug|Any CPU = Debug|Any CPU
		Release|Any CPU = Release|Any CPU
	EndGlobalSection
	GlobalSection(ProjectConfigurationPlatforms) = postSolution
		{3BD7B74E-F9E3-45C6-A578-3A3E17D2C679}.Debug|Any CPU.ActiveCfg = Debug|Any CPU
		{3BD7B74E-F9E3-45C6-A578-3A3E17D2C679}.Debug|Any CPU.Build.0 = Debug|Any CPU
		{3BD7B74E-F9E3-45C6-A578-3A3E17D2C679}.Release|Any CPU.ActiveCfg = Release|Any CPU
		{3BD7B74E-F9E3-45C6-A578-3A3E17D2C679}.Release|Any CPU.Build.0 = Release|Any CPU
	EndGlobalSection
	GlobalSection(SolutionProperties) = preSolution
		HideSolutionNode = FALSE
	EndGlobalSection
	GlobalSection(ExtensibilityGlobals) = postSolution
		SolutionGuid = {61205524-160A-4E74-B62D-D8C667B7DA8C}
	EndGlobalSection
EndGlobal
