
Microsoft Visual Studio Solution File, Format Version 12.00
# Visual Studio Version 17
VisualStudioVersion = 17.4.33110.190
MinimumVisualStudioVersion = 10.0.40219.1
Project("{FAE04EC0-301F-11D3-BF4B-00C04F79EFBC}") = "Add VAT", "Add VAT\Add VAT.csproj", "{7689D788-319A-416C-B4C2-5FF70DC13F93}"
EndProject
Global
	GlobalSection(SolutionConfigurationPlatforms) = preSolution
		Debug|Any CPU = Debug|Any CPU
		Release|Any CPU = Release|Any CPU
	EndGlobalSection
	GlobalSection(ProjectConfigurationPlatforms) = postSolution
		{7689D788-319A-416C-B4C2-5FF70DC13F93}.Debug|Any CPU.ActiveCfg = Debug|Any CPU
		{7689D788-319A-416C-B4C2-5FF70DC13F93}.Debug|Any CPU.Build.0 = Debug|Any CPU
		{7689D788-319A-416C-B4C2-5FF70DC13F93}.Release|Any CPU.ActiveCfg = Release|Any CPU
		{7689D788-319A-416C-B4C2-5FF70DC13F93}.Release|Any CPU.Build.0 = Release|Any CPU
	EndGlobalSection
	GlobalSection(SolutionProperties) = preSolution
		HideSolutionNode = FALSE
	EndGlobalSection
	GlobalSection(ExtensibilityGlobals) = postSolution
		SolutionGuid = {0324D822-283A-4DF3-83F4-7F922A13AAD3}
	EndGlobalSection
EndGlobal
