
Microsoft Visual Studio Solution File, Format Version 12.00
# Visual Studio Version 17
VisualStudioVersion = 17.4.33110.190
MinimumVisualStudioVersion = 10.0.40219.1
Project("{FAE04EC0-301F-11D3-BF4B-00C04F79EFBC}") = "Jagged-Array Modification", "Jagged-Array Modification\Jagged-Array Modification.csproj", "{4575E46E-069C-44BF-9BAB-0F2F9F9F4DD0}"
EndProject
Global
	GlobalSection(SolutionConfigurationPlatforms) = preSolution
		Debug|Any CPU = Debug|Any CPU
		Release|Any CPU = Release|Any CPU
	EndGlobalSection
	GlobalSection(ProjectConfigurationPlatforms) = postSolution
		{4575E46E-069C-44BF-9BAB-0F2F9F9F4DD0}.Debug|Any CPU.ActiveCfg = Debug|Any CPU
		{4575E46E-069C-44BF-9BAB-0F2F9F9F4DD0}.Debug|Any CPU.Build.0 = Debug|Any CPU
		{4575E46E-069C-44BF-9BAB-0F2F9F9F4DD0}.Release|Any CPU.ActiveCfg = Release|Any CPU
		{4575E46E-069C-44BF-9BAB-0F2F9F9F4DD0}.Release|Any CPU.Build.0 = Release|Any CPU
	EndGlobalSection
	GlobalSection(SolutionProperties) = preSolution
		HideSolutionNode = FALSE
	EndGlobalSection
	GlobalSection(ExtensibilityGlobals) = postSolution
		SolutionGuid = {DE18D8FA-495C-4E47-AB25-D04E39CE4D6F}
	EndGlobalSection
EndGlobal
