
Microsoft Visual Studio Solution File, Format Version 12.00
# Visual Studio Version 17
VisualStudioVersion = 17.1.32414.318
MinimumVisualStudioVersion = 10.0.40219.1
Project("{FAE04EC0-301F-11D3-BF4B-00C04F79EFBC}") = "Fishing Boat", "Fishing Boat\Fishing Boat.csproj", "{699B6C60-C74E-42D8-A60E-2CA0475F70C6}"
EndProject
Global
	GlobalSection(SolutionConfigurationPlatforms) = preSolution
		Debug|Any CPU = Debug|Any CPU
		Release|Any CPU = Release|Any CPU
	EndGlobalSection
	GlobalSection(ProjectConfigurationPlatforms) = postSolution
		{699B6C60-C74E-42D8-A60E-2CA0475F70C6}.Debug|Any CPU.ActiveCfg = Debug|Any CPU
		{699B6C60-C74E-42D8-A60E-2CA0475F70C6}.Debug|Any CPU.Build.0 = Debug|Any CPU
		{699B6C60-C74E-42D8-A60E-2CA0475F70C6}.Release|Any CPU.ActiveCfg = Release|Any CPU
		{699B6C60-C74E-42D8-A60E-2CA0475F70C6}.Release|Any CPU.Build.0 = Release|Any CPU
	EndGlobalSection
	GlobalSection(SolutionProperties) = preSolution
		HideSolutionNode = FALSE
	EndGlobalSection
	GlobalSection(ExtensibilityGlobals) = postSolution
		SolutionGuid = {A3BD85C3-0A3B-496E-8EF1-AB2C3298AC72}
	EndGlobalSection
EndGlobal
