
Microsoft Visual Studio Solution File, Format Version 12.00
# Visual Studio Version 17
VisualStudioVersion = 17.4.33110.190
MinimumVisualStudioVersion = 10.0.40219.1
Project("{FAE04EC0-301F-11D3-BF4B-00C04F79EFBC}") = "Extract Emails", "Extract Emails\Extract Emails.csproj", "{6B8FBAD1-2C88-46BE-8500-0392E9BCEA05}"
EndProject
Global
	GlobalSection(SolutionConfigurationPlatforms) = preSolution
		Debug|Any CPU = Debug|Any CPU
		Release|Any CPU = Release|Any CPU
	EndGlobalSection
	GlobalSection(ProjectConfigurationPlatforms) = postSolution
		{6B8FBAD1-2C88-46BE-8500-0392E9BCEA05}.Debug|Any CPU.ActiveCfg = Debug|Any CPU
		{6B8FBAD1-2C88-46BE-8500-0392E9BCEA05}.Debug|Any CPU.Build.0 = Debug|Any CPU
		{6B8FBAD1-2C88-46BE-8500-0392E9BCEA05}.Release|Any CPU.ActiveCfg = Release|Any CPU
		{6B8FBAD1-2C88-46BE-8500-0392E9BCEA05}.Release|Any CPU.Build.0 = Release|Any CPU
	EndGlobalSection
	GlobalSection(SolutionProperties) = preSolution
		HideSolutionNode = FALSE
	EndGlobalSection
	GlobalSection(ExtensibilityGlobals) = postSolution
		SolutionGuid = {7B693A74-9F26-47AA-999E-71014CB5BF4D}
	EndGlobalSection
EndGlobal
