
Microsoft Visual Studio Solution File, Format Version 12.00
# Visual Studio Version 17
VisualStudioVersion = 17.1.32414.318
MinimumVisualStudioVersion = 10.0.40219.1
Project("{FAE04EC0-301F-11D3-BF4B-00C04F79EFBC}") = "Sum Numbers", "Sum Numbers\Sum Numbers.csproj", "{BDD74095-C13C-4896-AACB-5BE5403D42D6}"
EndProject
Global
	GlobalSection(SolutionConfigurationPlatforms) = preSolution
		Debug|Any CPU = Debug|Any CPU
		Release|Any CPU = Release|Any CPU
	EndGlobalSection
	GlobalSection(ProjectConfigurationPlatforms) = postSolution
		{BDD74095-C13C-4896-AACB-5BE5403D42D6}.Debug|Any CPU.ActiveCfg = Debug|Any CPU
		{BDD74095-C13C-4896-AACB-5BE5403D42D6}.Debug|Any CPU.Build.0 = Debug|Any CPU
		{BDD74095-C13C-4896-AACB-5BE5403D42D6}.Release|Any CPU.ActiveCfg = Release|Any CPU
		{BDD74095-C13C-4896-AACB-5BE5403D42D6}.Release|Any CPU.Build.0 = Release|Any CPU
	EndGlobalSection
	GlobalSection(SolutionProperties) = preSolution
		HideSolutionNode = FALSE
	EndGlobalSection
	GlobalSection(ExtensibilityGlobals) = postSolution
		SolutionGuid = {D1907D75-4A9F-47D2-9D9D-E63E996FE145}
	EndGlobalSection
EndGlobal
