
Microsoft Visual Studio Solution File, Format Version 12.00
# Visual Studio Version 17
VisualStudioVersion = 17.2.32505.173
MinimumVisualStudioVersion = 10.0.40219.1
Project("{FAE04EC0-301F-11D3-BF4B-00C04F79EFBC}") = "Unique PIN Codes", "Unique PIN Codes\Unique PIN Codes.csproj", "{36338701-2767-4DA2-942C-7C756E0B3E60}"
EndProject
Global
	GlobalSection(SolutionConfigurationPlatforms) = preSolution
		Debug|Any CPU = Debug|Any CPU
		Release|Any CPU = Release|Any CPU
	EndGlobalSection
	GlobalSection(ProjectConfigurationPlatforms) = postSolution
		{36338701-2767-4DA2-942C-7C756E0B3E60}.Debug|Any CPU.ActiveCfg = Debug|Any CPU
		{36338701-2767-4DA2-942C-7C756E0B3E60}.Debug|Any CPU.Build.0 = Debug|Any CPU
		{36338701-2767-4DA2-942C-7C756E0B3E60}.Release|Any CPU.ActiveCfg = Release|Any CPU
		{36338701-2767-4DA2-942C-7C756E0B3E60}.Release|Any CPU.Build.0 = Release|Any CPU
	EndGlobalSection
	GlobalSection(SolutionProperties) = preSolution
		HideSolutionNode = FALSE
	EndGlobalSection
	GlobalSection(ExtensibilityGlobals) = postSolution
		SolutionGuid = {57D46424-621C-4640-9C4D-CA70B3B862D0}
	EndGlobalSection
EndGlobal
