
Microsoft Visual Studio Solution File, Format Version 12.00
# Visual Studio Version 17
VisualStudioVersion = 17.2.32505.173
MinimumVisualStudioVersion = 10.0.40219.1
Project("{FAE04EC0-301F-11D3-BF4B-00C04F79EFBC}") = "Passed", "Passed\Passed.csproj", "{8019F78A-D04D-4159-AE8E-A10AD99310FA}"
EndProject
Global
	GlobalSection(SolutionConfigurationPlatforms) = preSolution
		Debug|Any CPU = Debug|Any CPU
		Release|Any CPU = Release|Any CPU
	EndGlobalSection
	GlobalSection(ProjectConfigurationPlatforms) = postSolution
		{8019F78A-D04D-4159-AE8E-A10AD99310FA}.Debug|Any CPU.ActiveCfg = Debug|Any CPU
		{8019F78A-D04D-4159-AE8E-A10AD99310FA}.Debug|Any CPU.Build.0 = Debug|Any CPU
		{8019F78A-D04D-4159-AE8E-A10AD99310FA}.Release|Any CPU.ActiveCfg = Release|Any CPU
		{8019F78A-D04D-4159-AE8E-A10AD99310FA}.Release|Any CPU.Build.0 = Release|Any CPU
	EndGlobalSection
	GlobalSection(SolutionProperties) = preSolution
		HideSolutionNode = FALSE
	EndGlobalSection
	GlobalSection(ExtensibilityGlobals) = postSolution
		SolutionGuid = {04F1928F-1623-4530-9038-ED58EE251FFC}
	EndGlobalSection
EndGlobal
