
Microsoft Visual Studio Solution File, Format Version 12.00
# Visual Studio Version 17
VisualStudioVersion = 17.4.33110.190
MinimumVisualStudioVersion = 10.0.40219.1
Project("{FAE04EC0-301F-11D3-BF4B-00C04F79EFBC}") = "Boss Rush", "Boss Rush\Boss Rush.csproj", "{186A3932-EE72-4759-A4DB-8E4452737B03}"
EndProject
Global
	GlobalSection(SolutionConfigurationPlatforms) = preSolution
		Debug|Any CPU = Debug|Any CPU
		Release|Any CPU = Release|Any CPU
	EndGlobalSection
	GlobalSection(ProjectConfigurationPlatforms) = postSolution
		{186A3932-EE72-4759-A4DB-8E4452737B03}.Debug|Any CPU.ActiveCfg = Debug|Any CPU
		{186A3932-EE72-4759-A4DB-8E4452737B03}.Debug|Any CPU.Build.0 = Debug|Any CPU
		{186A3932-EE72-4759-A4DB-8E4452737B03}.Release|Any CPU.ActiveCfg = Release|Any CPU
		{186A3932-EE72-4759-A4DB-8E4452737B03}.Release|Any CPU.Build.0 = Release|Any CPU
	EndGlobalSection
	GlobalSection(SolutionProperties) = preSolution
		HideSolutionNode = FALSE
	EndGlobalSection
	GlobalSection(ExtensibilityGlobals) = postSolution
		SolutionGuid = {05633852-25D7-45D1-8B04-8AFAE48FD2BA}
	EndGlobalSection
EndGlobal
