
Microsoft Visual Studio Solution File, Format Version 12.00
# Visual Studio Version 17
VisualStudioVersion = 17.4.33110.190
MinimumVisualStudioVersion = 10.0.40219.1
Project("{FAE04EC0-301F-11D3-BF4B-00C04F79EFBC}") = "Knight Game", "Knight Game\Knight Game.csproj", "{1BA26423-3435-4567-80C8-F32C869C75B5}"
EndProject
Global
	GlobalSection(SolutionConfigurationPlatforms) = preSolution
		Debug|Any CPU = Debug|Any CPU
		Release|Any CPU = Release|Any CPU
	EndGlobalSection
	GlobalSection(ProjectConfigurationPlatforms) = postSolution
		{1BA26423-3435-4567-80C8-F32C869C75B5}.Debug|Any CPU.ActiveCfg = Debug|Any CPU
		{1BA26423-3435-4567-80C8-F32C869C75B5}.Debug|Any CPU.Build.0 = Debug|Any CPU
		{1BA26423-3435-4567-80C8-F32C869C75B5}.Release|Any CPU.ActiveCfg = Release|Any CPU
		{1BA26423-3435-4567-80C8-F32C869C75B5}.Release|Any CPU.Build.0 = Release|Any CPU
	EndGlobalSection
	GlobalSection(SolutionProperties) = preSolution
		HideSolutionNode = FALSE
	EndGlobalSection
	GlobalSection(ExtensibilityGlobals) = postSolution
		SolutionGuid = {F4B9B8E2-E770-4933-9CD2-EB20EECC7976}
	EndGlobalSection
EndGlobal
