
Microsoft Visual Studio Solution File, Format Version 12.00
# Visual Studio Version 17
VisualStudioVersion = 17.4.33110.190
MinimumVisualStudioVersion = 10.0.40219.1
Project("{FAE04EC0-301F-11D3-BF4B-00C04F79EFBC}") = "Snake Moves", "Snake Moves\Snake Moves.csproj", "{EA843329-39BC-4168-869F-BCD28A51FEFF}"
EndProject
Global
	GlobalSection(SolutionConfigurationPlatforms) = preSolution
		Debug|Any CPU = Debug|Any CPU
		Release|Any CPU = Release|Any CPU
	EndGlobalSection
	GlobalSection(ProjectConfigurationPlatforms) = postSolution
		{EA843329-39BC-4168-869F-BCD28A51FEFF}.Debug|Any CPU.ActiveCfg = Debug|Any CPU
		{EA843329-39BC-4168-869F-BCD28A51FEFF}.Debug|Any CPU.Build.0 = Debug|Any CPU
		{EA843329-39BC-4168-869F-BCD28A51FEFF}.Release|Any CPU.ActiveCfg = Release|Any CPU
		{EA843329-39BC-4168-869F-BCD28A51FEFF}.Release|Any CPU.Build.0 = Release|Any CPU
	EndGlobalSection
	GlobalSection(SolutionProperties) = preSolution
		HideSolutionNode = FALSE
	EndGlobalSection
	GlobalSection(ExtensibilityGlobals) = postSolution
		SolutionGuid = {0D2B3842-3516-47BE-B4B7-71567FF735CB}
	EndGlobalSection
EndGlobal
