
Microsoft Visual Studio Solution File, Format Version 12.00
# Visual Studio Version 17
VisualStudioVersion = 17.2.32505.173
MinimumVisualStudioVersion = 10.0.40219.1
Project("{FAE04EC0-301F-11D3-BF4B-00C04F79EFBC}") = "Hair Salon", "Hair Salon\Hair Salon.csproj", "{4BF9C9EC-56E1-4F64-80C4-EFF471761186}"
EndProject
Global
	GlobalSection(SolutionConfigurationPlatforms) = preSolution
		Debug|Any CPU = Debug|Any CPU
		Release|Any CPU = Release|Any CPU
	EndGlobalSection
	GlobalSection(ProjectConfigurationPlatforms) = postSolution
		{4BF9C9EC-56E1-4F64-80C4-EFF471761186}.Debug|Any CPU.ActiveCfg = Debug|Any CPU
		{4BF9C9EC-56E1-4F64-80C4-EFF471761186}.Debug|Any CPU.Build.0 = Debug|Any CPU
		{4BF9C9EC-56E1-4F64-80C4-EFF471761186}.Release|Any CPU.ActiveCfg = Release|Any CPU
		{4BF9C9EC-56E1-4F64-80C4-EFF471761186}.Release|Any CPU.Build.0 = Release|Any CPU
	EndGlobalSection
	GlobalSection(SolutionProperties) = preSolution
		HideSolutionNode = FALSE
	EndGlobalSection
	GlobalSection(ExtensibilityGlobals) = postSolution
		SolutionGuid = {8584A094-1B51-4E04-99A8-611C2556E4D4}
	EndGlobalSection
EndGlobal
