
Microsoft Visual Studio Solution File, Format Version 12.00
# Visual Studio Version 17
VisualStudioVersion = 17.1.32414.318
MinimumVisualStudioVersion = 10.0.40219.1
Project("{FAE04EC0-301F-11D3-BF4B-00C04F79EFBC}") = "Vowels Sum", "Vowels Sum\Vowels Sum.csproj", "{A9937622-0024-4868-ACD4-6F14B767A07D}"
EndProject
Global
	GlobalSection(SolutionConfigurationPlatforms) = preSolution
		Debug|Any CPU = Debug|Any CPU
		Release|Any CPU = Release|Any CPU
	EndGlobalSection
	GlobalSection(ProjectConfigurationPlatforms) = postSolution
		{A9937622-0024-4868-ACD4-6F14B767A07D}.Debug|Any CPU.ActiveCfg = Debug|Any CPU
		{A9937622-0024-4868-ACD4-6F14B767A07D}.Debug|Any CPU.Build.0 = Debug|Any CPU
		{A9937622-0024-4868-ACD4-6F14B767A07D}.Release|Any CPU.ActiveCfg = Release|Any CPU
		{A9937622-0024-4868-ACD4-6F14B767A07D}.Release|Any CPU.Build.0 = Release|Any CPU
	EndGlobalSection
	GlobalSection(SolutionProperties) = preSolution
		HideSolutionNode = FALSE
	EndGlobalSection
	GlobalSection(ExtensibilityGlobals) = postSolution
		SolutionGuid = {ECE7BEAD-D481-4481-8BB1-10495E9C2714}
	EndGlobalSection
EndGlobal
