
Microsoft Visual Studio Solution File, Format Version 12.00
# Visual Studio Version 17
VisualStudioVersion = 17.4.33110.190
MinimumVisualStudioVersion = 10.0.40219.1
Project("{FAE04EC0-301F-11D3-BF4B-00C04F79EFBC}") = "Fast Food", "Fast Food\Fast Food.csproj", "{129496CE-A8A3-45A4-B5E6-ACA415E0BFDE}"
EndProject
Global
	GlobalSection(SolutionConfigurationPlatforms) = preSolution
		Debug|Any CPU = Debug|Any CPU
		Release|Any CPU = Release|Any CPU
	EndGlobalSection
	GlobalSection(ProjectConfigurationPlatforms) = postSolution
		{129496CE-A8A3-45A4-B5E6-ACA415E0BFDE}.Debug|Any CPU.ActiveCfg = Debug|Any CPU
		{129496CE-A8A3-45A4-B5E6-ACA415E0BFDE}.Debug|Any CPU.Build.0 = Debug|Any CPU
		{129496CE-A8A3-45A4-B5E6-ACA415E0BFDE}.Release|Any CPU.ActiveCfg = Release|Any CPU
		{129496CE-A8A3-45A4-B5E6-ACA415E0BFDE}.Release|Any CPU.Build.0 = Release|Any CPU
	EndGlobalSection
	GlobalSection(SolutionProperties) = preSolution
		HideSolutionNode = FALSE
	EndGlobalSection
	GlobalSection(ExtensibilityGlobals) = postSolution
		SolutionGuid = {307B7C46-9179-4A41-9680-5AAB7844395C}
	EndGlobalSection
EndGlobal
