
Microsoft Visual Studio Solution File, Format Version 12.00
# Visual Studio Version 17
VisualStudioVersion = 17.1.32414.318
MinimumVisualStudioVersion = 10.0.40219.1
Project("{FAE04EC0-301F-11D3-BF4B-00C04F79EFBC}") = "Ski Trip", "Ski Trip\Ski Trip.csproj", "{ACDE64ED-D9DB-484B-A98E-1F48EB88FA6B}"
EndProject
Global
	GlobalSection(SolutionConfigurationPlatforms) = preSolution
		Debug|Any CPU = Debug|Any CPU
		Release|Any CPU = Release|Any CPU
	EndGlobalSection
	GlobalSection(ProjectConfigurationPlatforms) = postSolution
		{ACDE64ED-D9DB-484B-A98E-1F48EB88FA6B}.Debug|Any CPU.ActiveCfg = Debug|Any CPU
		{ACDE64ED-D9DB-484B-A98E-1F48EB88FA6B}.Debug|Any CPU.Build.0 = Debug|Any CPU
		{ACDE64ED-D9DB-484B-A98E-1F48EB88FA6B}.Release|Any CPU.ActiveCfg = Release|Any CPU
		{ACDE64ED-D9DB-484B-A98E-1F48EB88FA6B}.Release|Any CPU.Build.0 = Release|Any CPU
	EndGlobalSection
	GlobalSection(SolutionProperties) = preSolution
		HideSolutionNode = FALSE
	EndGlobalSection
	GlobalSection(ExtensibilityGlobals) = postSolution
		SolutionGuid = {3B342355-0415-4B90-A8FD-5B8743DFA90F}
	EndGlobalSection
EndGlobal
