
Microsoft Visual Studio Solution File, Format Version 12.00
# Visual Studio Version 17
VisualStudioVersion = 17.4.33110.190
MinimumVisualStudioVersion = 10.0.40219.1
Project("{FAE04EC0-301F-11D3-BF4B-00C04F79EFBC}") = "Composite", "Composite\Composite.csproj", "{466411DB-2D2F-47C8-8B2D-AB181609525B}"
EndProject
Global
	GlobalSection(SolutionConfigurationPlatforms) = preSolution
		Debug|Any CPU = Debug|Any CPU
		Release|Any CPU = Release|Any CPU
	EndGlobalSection
	GlobalSection(ProjectConfigurationPlatforms) = postSolution
		{466411DB-2D2F-47C8-8B2D-AB181609525B}.Debug|Any CPU.ActiveCfg = Debug|Any CPU
		{466411DB-2D2F-47C8-8B2D-AB181609525B}.Debug|Any CPU.Build.0 = Debug|Any CPU
		{466411DB-2D2F-47C8-8B2D-AB181609525B}.Release|Any CPU.ActiveCfg = Release|Any CPU
		{466411DB-2D2F-47C8-8B2D-AB181609525B}.Release|Any CPU.Build.0 = Release|Any CPU
	EndGlobalSection
	GlobalSection(SolutionProperties) = preSolution
		HideSolutionNode = FALSE
	EndGlobalSection
	GlobalSection(ExtensibilityGlobals) = postSolution
		SolutionGuid = {1032B88C-ECA1-4F6D-97F1-7EAB673A8EE0}
	EndGlobalSection
EndGlobal
