
Microsoft Visual Studio Solution File, Format Version 12.00
# Visual Studio Version 17
VisualStudioVersion = 17.4.33110.190
MinimumVisualStudioVersion = 10.0.40219.1
Project("{FAE04EC0-301F-11D3-BF4B-00C04F79EFBC}") = "Largest 3 Numbers", "Largest 3 Numbers\Largest 3 Numbers.csproj", "{83204BBF-DD6C-46D7-A1C0-46EFAB782391}"
EndProject
Global
	GlobalSection(SolutionConfigurationPlatforms) = preSolution
		Debug|Any CPU = Debug|Any CPU
		Release|Any CPU = Release|Any CPU
	EndGlobalSection
	GlobalSection(ProjectConfigurationPlatforms) = postSolution
		{83204BBF-DD6C-46D7-A1C0-46EFAB782391}.Debug|Any CPU.ActiveCfg = Debug|Any CPU
		{83204BBF-DD6C-46D7-A1C0-46EFAB782391}.Debug|Any CPU.Build.0 = Debug|Any CPU
		{83204BBF-DD6C-46D7-A1C0-46EFAB782391}.Release|Any CPU.ActiveCfg = Release|Any CPU
		{83204BBF-DD6C-46D7-A1C0-46EFAB782391}.Release|Any CPU.Build.0 = Release|Any CPU
	EndGlobalSection
	GlobalSection(SolutionProperties) = preSolution
		HideSolutionNode = FALSE
	EndGlobalSection
	GlobalSection(ExtensibilityGlobals) = postSolution
		SolutionGuid = {B514797D-3C99-44D5-82EB-9849556B5E4D}
	EndGlobalSection
EndGlobal
