
Microsoft Visual Studio Solution File, Format Version 12.00
# Visual Studio Version 17
VisualStudioVersion = 17.1.32414.318
MinimumVisualStudioVersion = 10.0.40219.1
Project("{FAE04EC0-301F-11D3-BF4B-00C04F79EFBC}") = "On Time for the Exam", "On Time for the Exam\On Time for the Exam.csproj", "{1C7D399B-707B-429E-9CB8-0E70F40B405C}"
EndProject
Global
	GlobalSection(SolutionConfigurationPlatforms) = preSolution
		Debug|Any CPU = Debug|Any CPU
		Release|Any CPU = Release|Any CPU
	EndGlobalSection
	GlobalSection(ProjectConfigurationPlatforms) = postSolution
		{1C7D399B-707B-429E-9CB8-0E70F40B405C}.Debug|Any CPU.ActiveCfg = Debug|Any CPU
		{1C7D399B-707B-429E-9CB8-0E70F40B405C}.Debug|Any CPU.Build.0 = Debug|Any CPU
		{1C7D399B-707B-429E-9CB8-0E70F40B405C}.Release|Any CPU.ActiveCfg = Release|Any CPU
		{1C7D399B-707B-429E-9CB8-0E70F40B405C}.Release|Any CPU.Build.0 = Release|Any CPU
	EndGlobalSection
	GlobalSection(SolutionProperties) = preSolution
		HideSolutionNode = FALSE
	EndGlobalSection
	GlobalSection(ExtensibilityGlobals) = postSolution
		SolutionGuid = {134E289A-826F-48EC-8C1C-9B6A696CD1A6}
	EndGlobalSection
EndGlobal
