
Microsoft Visual Studio Solution File, Format Version 12.00
# Visual Studio Version 17
VisualStudioVersion = 17.4.33110.190
MinimumVisualStudioVersion = 10.0.40219.1
Project("{FAE04EC0-301F-11D3-BF4B-00C04F79EFBC}") = "PersonInfo", "PersonInfo\PersonInfo.csproj", "{0A24C7B3-EB14-4D01-BF2F-92F296BB3191}"
EndProject
Global
	GlobalSection(SolutionConfigurationPlatforms) = preSolution
		Debug|Any CPU = Debug|Any CPU
		Release|Any CPU = Release|Any CPU
	EndGlobalSection
	GlobalSection(ProjectConfigurationPlatforms) = postSolution
		{0A24C7B3-EB14-4D01-BF2F-92F296BB3191}.Debug|Any CPU.ActiveCfg = Debug|Any CPU
		{0A24C7B3-EB14-4D01-BF2F-92F296BB3191}.Debug|Any CPU.Build.0 = Debug|Any CPU
		{0A24C7B3-EB14-4D01-BF2F-92F296BB3191}.Release|Any CPU.ActiveCfg = Release|Any CPU
		{0A24C7B3-EB14-4D01-BF2F-92F296BB3191}.Release|Any CPU.Build.0 = Release|Any CPU
	EndGlobalSection
	GlobalSection(SolutionProperties) = preSolution
		HideSolutionNode = FALSE
	EndGlobalSection
	GlobalSection(ExtensibilityGlobals) = postSolution
		SolutionGuid = {37CE1DE5-43D8-472E-9A64-EAEB67CD12D8}
	EndGlobalSection
EndGlobal
