
Microsoft Visual Studio Solution File, Format Version 12.00
# Visual Studio Version 17
VisualStudioVersion = 17.4.33110.190
MinimumVisualStudioVersion = 10.0.40219.1
Project("{FAE04EC0-301F-11D3-BF4B-00C04F79EFBC}") = "String Manipulator", "String Manipulator\String Manipulator.csproj", "{B5219BA1-3F06-4813-8C63-7207AD733816}"
EndProject
Global
	GlobalSection(SolutionConfigurationPlatforms) = preSolution
		Debug|Any CPU = Debug|Any CPU
		Release|Any CPU = Release|Any CPU
	EndGlobalSection
	GlobalSection(ProjectConfigurationPlatforms) = postSolution
		{B5219BA1-3F06-4813-8C63-7207AD733816}.Debug|Any CPU.ActiveCfg = Debug|Any CPU
		{B5219BA1-3F06-4813-8C63-7207AD733816}.Debug|Any CPU.Build.0 = Debug|Any CPU
		{B5219BA1-3F06-4813-8C63-7207AD733816}.Release|Any CPU.ActiveCfg = Release|Any CPU
		{B5219BA1-3F06-4813-8C63-7207AD733816}.Release|Any CPU.Build.0 = Release|Any CPU
	EndGlobalSection
	GlobalSection(SolutionProperties) = preSolution
		HideSolutionNode = FALSE
	EndGlobalSection
	GlobalSection(ExtensibilityGlobals) = postSolution
		SolutionGuid = {C5ED46E7-6045-4612-A8BF-E373F4F66262}
	EndGlobalSection
EndGlobal
