
Microsoft Visual Studio Solution File, Format Version 12.00
# Visual Studio Version 17
VisualStudioVersion = 17.4.33110.190
MinimumVisualStudioVersion = 10.0.40219.1
Project("{FAE04EC0-301F-11D3-BF4B-00C04F79EFBC}") = "Record Unique Names", "Record Unique Names\Record Unique Names.csproj", "{BA9631F8-DC0C-4BC0-8C06-746232E115C1}"
EndProject
Global
	GlobalSection(SolutionConfigurationPlatforms) = preSolution
		Debug|Any CPU = Debug|Any CPU
		Release|Any CPU = Release|Any CPU
	EndGlobalSection
	GlobalSection(ProjectConfigurationPlatforms) = postSolution
		{BA9631F8-DC0C-4BC0-8C06-746232E115C1}.Debug|Any CPU.ActiveCfg = Debug|Any CPU
		{BA9631F8-DC0C-4BC0-8C06-746232E115C1}.Debug|Any CPU.Build.0 = Debug|Any CPU
		{BA9631F8-DC0C-4BC0-8C06-746232E115C1}.Release|Any CPU.ActiveCfg = Release|Any CPU
		{BA9631F8-DC0C-4BC0-8C06-746232E115C1}.Release|Any CPU.Build.0 = Release|Any CPU
	EndGlobalSection
	GlobalSection(SolutionProperties) = preSolution
		HideSolutionNode = FALSE
	EndGlobalSection
	GlobalSection(ExtensibilityGlobals) = postSolution
		SolutionGuid = {1BEB20F9-0489-46EB-8B03-E7B2642D221D}
	EndGlobalSection
EndGlobal
