
Microsoft Visual Studio Solution File, Format Version 12.00
# Visual Studio Version 17
VisualStudioVersion = 17.4.33110.190
MinimumVisualStudioVersion = 10.0.40219.1
Project("{FAE04EC0-301F-11D3-BF4B-00C04F79EFBC}") = "Telephony", "Telephony\Telephony.csproj", "{28C7BC18-2005-480D-BCC1-44C1F8EBA6B8}"
EndProject
Global
	GlobalSection(SolutionConfigurationPlatforms) = preSolution
		Debug|Any CPU = Debug|Any CPU
		Release|Any CPU = Release|Any CPU
	EndGlobalSection
	GlobalSection(ProjectConfigurationPlatforms) = postSolution
		{28C7BC18-2005-480D-BCC1-44C1F8EBA6B8}.Debug|Any CPU.ActiveCfg = Debug|Any CPU
		{28C7BC18-2005-480D-BCC1-44C1F8EBA6B8}.Debug|Any CPU.Build.0 = Debug|Any CPU
		{28C7BC18-2005-480D-BCC1-44C1F8EBA6B8}.Release|Any CPU.ActiveCfg = Release|Any CPU
		{28C7BC18-2005-480D-BCC1-44C1F8EBA6B8}.Release|Any CPU.Build.0 = Release|Any CPU
	EndGlobalSection
	GlobalSection(SolutionProperties) = preSolution
		HideSolutionNode = FALSE
	EndGlobalSection
	GlobalSection(ExtensibilityGlobals) = postSolution
		SolutionGuid = {D6D8A4CE-6BB5-43D7-9467-2D4D9BA5CFD6}
	EndGlobalSection
EndGlobal
