
Microsoft Visual Studio Solution File, Format Version 12.00
# Visual Studio Version 17
VisualStudioVersion = 17.2.32505.173
MinimumVisualStudioVersion = 10.0.40219.1
Project("{FAE04EC0-301F-11D3-BF4B-00C04F79EFBC}") = "Square Frame", "Square Frame\Square Frame.csproj", "{8D374E16-DF0B-4D60-B46D-F75D18184F00}"
EndProject
Global
	GlobalSection(SolutionConfigurationPlatforms) = preSolution
		Debug|Any CPU = Debug|Any CPU
		Release|Any CPU = Release|Any CPU
	EndGlobalSection
	GlobalSection(ProjectConfigurationPlatforms) = postSolution
		{8D374E16-DF0B-4D60-B46D-F75D18184F00}.Debug|Any CPU.ActiveCfg = Debug|Any CPU
		{8D374E16-DF0B-4D60-B46D-F75D18184F00}.Debug|Any CPU.Build.0 = Debug|Any CPU
		{8D374E16-DF0B-4D60-B46D-F75D18184F00}.Release|Any CPU.ActiveCfg = Release|Any CPU
		{8D374E16-DF0B-4D60-B46D-F75D18184F00}.Release|Any CPU.Build.0 = Release|Any CPU
	EndGlobalSection
	GlobalSection(SolutionProperties) = preSolution
		HideSolutionNode = FALSE
	EndGlobalSection
	GlobalSection(ExtensibilityGlobals) = postSolution
		SolutionGuid = {891735B6-A46F-43C9-B650-644CBDA050F2}
	EndGlobalSection
EndGlobal
