
Microsoft Visual Studio Solution File, Format Version 12.00
# Visual Studio Version 17
VisualStudioVersion = 17.4.33110.190
MinimumVisualStudioVersion = 10.0.40219.1
Project("{FAE04EC0-301F-11D3-BF4B-00C04F79EFBC}") = "Matching Brackets", "Matching Brackets\Matching Brackets.csproj", "{2482D8EE-E04F-4036-88CC-6DFFDE3B6BFF}"
EndProject
Global
	GlobalSection(SolutionConfigurationPlatforms) = preSolution
		Debug|Any CPU = Debug|Any CPU
		Release|Any CPU = Release|Any CPU
	EndGlobalSection
	GlobalSection(ProjectConfigurationPlatforms) = postSolution
		{2482D8EE-E04F-4036-88CC-6DFFDE3B6BFF}.Debug|Any CPU.ActiveCfg = Debug|Any CPU
		{2482D8EE-E04F-4036-88CC-6DFFDE3B6BFF}.Debug|Any CPU.Build.0 = Debug|Any CPU
		{2482D8EE-E04F-4036-88CC-6DFFDE3B6BFF}.Release|Any CPU.ActiveCfg = Release|Any CPU
		{2482D8EE-E04F-4036-88CC-6DFFDE3B6BFF}.Release|Any CPU.Build.0 = Release|Any CPU
	EndGlobalSection
	GlobalSection(SolutionProperties) = preSolution
		HideSolutionNode = FALSE
	EndGlobalSection
	GlobalSection(ExtensibilityGlobals) = postSolution
		SolutionGuid = {6B187E71-D04C-44B2-830B-CA8426A99723}
	EndGlobalSection
EndGlobal
