
Microsoft Visual Studio Solution File, Format Version 12.00
# Visual Studio Version 17
VisualStudioVersion = 17.2.32505.173
MinimumVisualStudioVersion = 10.0.40219.1
Project("{FAE04EC0-301F-11D3-BF4B-00C04F79EFBC}") = "Vending Machine", "Vending Machine\Vending Machine.csproj", "{8FBF4197-D51B-4920-9AAF-29500A4B91A0}"
EndProject
Global
	GlobalSection(SolutionConfigurationPlatforms) = preSolution
		Debug|Any CPU = Debug|Any CPU
		Release|Any CPU = Release|Any CPU
	EndGlobalSection
	GlobalSection(ProjectConfigurationPlatforms) = postSolution
		{8FBF4197-D51B-4920-9AAF-29500A4B91A0}.Debug|Any CPU.ActiveCfg = Debug|Any CPU
		{8FBF4197-D51B-4920-9AAF-29500A4B91A0}.Debug|Any CPU.Build.0 = Debug|Any CPU
		{8FBF4197-D51B-4920-9AAF-29500A4B91A0}.Release|Any CPU.ActiveCfg = Release|Any CPU
		{8FBF4197-D51B-4920-9AAF-29500A4B91A0}.Release|Any CPU.Build.0 = Release|Any CPU
	EndGlobalSection
	GlobalSection(SolutionProperties) = preSolution
		HideSolutionNode = FALSE
	EndGlobalSection
	GlobalSection(ExtensibilityGlobals) = postSolution
		SolutionGuid = {B8C0DEE0-7ED9-4F44-B72D-4C30B558B444}
	EndGlobalSection
EndGlobal
