
Microsoft Visual Studio Solution File, Format Version 12.00
# Visual Studio Version 17
VisualStudioVersion = 17.2.32505.173
MinimumVisualStudioVersion = 10.0.40219.1
Project("{FAE04EC0-301F-11D3-BF4B-00C04F79EFBC}") = "Spice Must Flow", "Spice Must Flow\Spice Must Flow.csproj", "{D605CE0D-5C66-4D15-BB87-43119102B2C7}"
EndProject
Global
	GlobalSection(SolutionConfigurationPlatforms) = preSolution
		Debug|Any CPU = Debug|Any CPU
		Release|Any CPU = Release|Any CPU
	EndGlobalSection
	GlobalSection(ProjectConfigurationPlatforms) = postSolution
		{D605CE0D-5C66-4D15-BB87-43119102B2C7}.Debug|Any CPU.ActiveCfg = Debug|Any CPU
		{D605CE0D-5C66-4D15-BB87-43119102B2C7}.Debug|Any CPU.Build.0 = Debug|Any CPU
		{D605CE0D-5C66-4D15-BB87-43119102B2C7}.Release|Any CPU.ActiveCfg = Release|Any CPU
		{D605CE0D-5C66-4D15-BB87-43119102B2C7}.Release|Any CPU.Build.0 = Release|Any CPU
	EndGlobalSection
	GlobalSection(SolutionProperties) = preSolution
		HideSolutionNode = FALSE
	EndGlobalSection
	GlobalSection(ExtensibilityGlobals) = postSolution
		SolutionGuid = {1C815490-0EB3-46FE-92B3-123706AD1421}
	EndGlobalSection
EndGlobal
