
Microsoft Visual Studio Solution File, Format Version 12.00
# Visual Studio Version 17
VisualStudioVersion = 17.2.32505.173
MinimumVisualStudioVersion = 10.0.40219.1
Project("{FAE04EC0-301F-11D3-BF4B-00C04F79EFBC}") = "Print and sum", "Print and sum\Print and sum.csproj", "{04CB9BBD-4DB3-4F50-801C-D4EFE18C0A76}"
EndProject
Global
	GlobalSection(SolutionConfigurationPlatforms) = preSolution
		Debug|Any CPU = Debug|Any CPU
		Release|Any CPU = Release|Any CPU
	EndGlobalSection
	GlobalSection(ProjectConfigurationPlatforms) = postSolution
		{04CB9BBD-4DB3-4F50-801C-D4EFE18C0A76}.Debug|Any CPU.ActiveCfg = Debug|Any CPU
		{04CB9BBD-4DB3-4F50-801C-D4EFE18C0A76}.Debug|Any CPU.Build.0 = Debug|Any CPU
		{04CB9BBD-4DB3-4F50-801C-D4EFE18C0A76}.Release|Any CPU.ActiveCfg = Release|Any CPU
		{04CB9BBD-4DB3-4F50-801C-D4EFE18C0A76}.Release|Any CPU.Build.0 = Release|Any CPU
	EndGlobalSection
	GlobalSection(SolutionProperties) = preSolution
		HideSolutionNode = FALSE
	EndGlobalSection
	GlobalSection(ExtensibilityGlobals) = postSolution
		SolutionGuid = {A45F5CD1-BA90-401C-A7B7-420495F9A7F6}
	EndGlobalSection
EndGlobal
