
Microsoft Visual Studio Solution File, Format Version 12.00
# Visual Studio Version 17
VisualStudioVersion = 17.4.33110.190
MinimumVisualStudioVersion = 10.0.40219.1
Project("{FAE04EC0-301F-11D3-BF4B-00C04F79EFBC}") = "IteratorsAndComparators", "IteratorsAndComparators\IteratorsAndComparators.csproj", "{8AF1A8E7-C9E2-482E-B40E-0559A4338BF8}"
EndProject
Global
	GlobalSection(SolutionConfigurationPlatforms) = preSolution
		Debug|Any CPU = Debug|Any CPU
		Release|Any CPU = Release|Any CPU
	EndGlobalSection
	GlobalSection(ProjectConfigurationPlatforms) = postSolution
		{8AF1A8E7-C9E2-482E-B40E-0559A4338BF8}.Debug|Any CPU.ActiveCfg = Debug|Any CPU
		{8AF1A8E7-C9E2-482E-B40E-0559A4338BF8}.Debug|Any CPU.Build.0 = Debug|Any CPU
		{8AF1A8E7-C9E2-482E-B40E-0559A4338BF8}.Release|Any CPU.ActiveCfg = Release|Any CPU
		{8AF1A8E7-C9E2-482E-B40E-0559A4338BF8}.Release|Any CPU.Build.0 = Release|Any CPU
	EndGlobalSection
	GlobalSection(SolutionProperties) = preSolution
		HideSolutionNode = FALSE
	EndGlobalSection
	GlobalSection(ExtensibilityGlobals) = postSolution
		SolutionGuid = {62803747-79E6-4109-A140-582D4DA56FDD}
	EndGlobalSection
EndGlobal
