
Microsoft Visual Studio Solution File, Format Version 12.00
# Visual Studio Version 17
VisualStudioVersion = 17.2.32505.173
MinimumVisualStudioVersion = 10.0.40219.1
Project("{FAE04EC0-301F-11D3-BF4B-00C04F79EFBC}") = "Middle Characters", "Middle Characters\Middle Characters.csproj", "{511F3DB6-CE88-486B-81CF-7DF2974A3001}"
EndProject
Global
	GlobalSection(SolutionConfigurationPlatforms) = preSolution
		Debug|Any CPU = Debug|Any CPU
		Release|Any CPU = Release|Any CPU
	EndGlobalSection
	GlobalSection(ProjectConfigurationPlatforms) = postSolution
		{511F3DB6-CE88-486B-81CF-7DF2974A3001}.Debug|Any CPU.ActiveCfg = Debug|Any CPU
		{511F3DB6-CE88-486B-81CF-7DF2974A3001}.Debug|Any CPU.Build.0 = Debug|Any CPU
		{511F3DB6-CE88-486B-81CF-7DF2974A3001}.Release|Any CPU.ActiveCfg = Release|Any CPU
		{511F3DB6-CE88-486B-81CF-7DF2974A3001}.Release|Any CPU.Build.0 = Release|Any CPU
	EndGlobalSection
	GlobalSection(SolutionProperties) = preSolution
		HideSolutionNode = FALSE
	EndGlobalSection
	GlobalSection(ExtensibilityGlobals) = postSolution
		SolutionGuid = {12974ED7-2903-4413-971C-8E89D8E13925}
	EndGlobalSection
EndGlobal
