
Microsoft Visual Studio Solution File, Format Version 12.00
# Visual Studio Version 17
VisualStudioVersion = 17.8.34511.84
MinimumVisualStudioVersion = 10.0.40219.1
Project("{FAE04EC0-301F-11D3-BF4B-00C04F79EFBC}") = "MVCIntroDemo", "MVCIntroDemo\MVCIntroDemo.csproj", "{B93B01DF-3A90-4DF8-A756-DBEAD06C3EDB}"
EndProject
Global
	GlobalSection(SolutionConfigurationPlatforms) = preSolution
		Debug|Any CPU = Debug|Any CPU
		Release|Any CPU = Release|Any CPU
	EndGlobalSection
	GlobalSection(ProjectConfigurationPlatforms) = postSolution
		{B93B01DF-3A90-4DF8-A756-DBEAD06C3EDB}.Debug|Any CPU.ActiveCfg = Debug|Any CPU
		{B93B01DF-3A90-4DF8-A756-DBEAD06C3EDB}.Debug|Any CPU.Build.0 = Debug|Any CPU
		{B93B01DF-3A90-4DF8-A756-DBEAD06C3EDB}.Release|Any CPU.ActiveCfg = Release|Any CPU
		{B93B01DF-3A90-4DF8-A756-DBEAD06C3EDB}.Release|Any CPU.Build.0 = Release|Any CPU
	EndGlobalSection
	GlobalSection(SolutionProperties) = preSolution
		HideSolutionNode = FALSE
	EndGlobalSection
	GlobalSection(ExtensibilityGlobals) = postSolution
		SolutionGuid = {74434361-306C-4CC4-8985-45C4E3487A09}
	EndGlobalSection
EndGlobal
